// !$*UTF8*$!
{
	archiveVersion = 1;
	classes = {
	};
	objectVersion = 46;
	objects = {

/* Begin PBXBuildFile section */
		8C0A41691D4AAA4100AE6F7E /* AppDelegate.swift in Sources */ = {isa = PBXBuildFile; fileRef = 8C0A41681D4AAA4100AE6F7E /* AppDelegate.swift */; };
		8C0A416B1D4AAA4100AE6F7E /* ViewController.swift in Sources */ = {isa = PBXBuildFile; fileRef = 8C0A416A1D4AAA4100AE6F7E /* ViewController.swift */; };
		8C0A416E1D4AAA4100AE6F7E /* Main.storyboard in Resources */ = {isa = PBXBuildFile; fileRef = 8C0A416C1D4AAA4100AE6F7E /* Main.storyboard */; };
		8C0A41701D4AAA4100AE6F7E /* Assets.xcassets in Resources */ = {isa = PBXBuildFile; fileRef = 8C0A416F1D4AAA4100AE6F7E /* Assets.xcassets */; };
		8C0A41731D4AAA4100AE6F7E /* LaunchScreen.storyboard in Resources */ = {isa = PBXBuildFile; fileRef = 8C0A41711D4AAA4100AE6F7E /* LaunchScreen.storyboard */; };
		8C0A417E1D4AAA4100AE6F7E /* Huella_Ecolo_gicaTests.swift in Sources */ = {isa = PBXBuildFile; fileRef = 8C0A417D1D4AAA4100AE6F7E /* Huella_Ecolo_gicaTests.swift */; };
		8C0A41891D4AAA4100AE6F7E /* Huella_Ecolo_gicaUITests.swift in Sources */ = {isa = PBXBuildFile; fileRef = 8C0A41881D4AAA4100AE6F7E /* Huella_Ecolo_gicaUITests.swift */; };
		8C0A41971D4AB1EF00AE6F7E /* CarbonoLigera.storyboard in Resources */ = {isa = PBXBuildFile; fileRef = 8C0A41961D4AB1EF00AE6F7E /* CarbonoLigera.storyboard */; };
		8C0A41A01D4AB5B200AE6F7E /* CarbonoInicioLigeraController.swift in Sources */ = {isa = PBXBuildFile; fileRef = 8C0A419F1D4AB5B200AE6F7E /* CarbonoInicioLigeraController.swift */; };
		8C2EE7D61D62DAE0000A7DC2 /* CarbonoCompletaController.swift in Sources */ = {isa = PBXBuildFile; fileRef = 8C2EE7D51D62DAE0000A7DC2 /* CarbonoCompletaController.swift */; };
		8C355E7D1D4C22BC000C25EF /* ADPageControl.m in Sources */ = {isa = PBXBuildFile; fileRef = 8C355E7C1D4C22BC000C25EF /* ADPageControl.m */; };
		8C355E821D4C3155000C25EF /* ADPageControl.xib in Resources */ = {isa = PBXBuildFile; fileRef = 8C355E811D4C3155000C25EF /* ADPageControl.xib */; };
		8C355E841D4C463B000C25EF /* HidricaLigera.storyboard in Resources */ = {isa = PBXBuildFile; fileRef = 8C355E831D4C463B000C25EF /* HidricaLigera.storyboard */; };
		8C355E871D4C467B000C25EF /* HidricaInicioLigeraController.swift in Sources */ = {isa = PBXBuildFile; fileRef = 8C355E861D4C467B000C25EF /* HidricaInicioLigeraController.swift */; };
		8C355E891D4C4C4D000C25EF /* CarbonoCompleta.storyboard in Resources */ = {isa = PBXBuildFile; fileRef = 8C355E881D4C4C4D000C25EF /* CarbonoCompleta.storyboard */; };
		8C355E8B1D4C4C64000C25EF /* HidricaCompleta.storyboard in Resources */ = {isa = PBXBuildFile; fileRef = 8C355E8A1D4C4C64000C25EF /* HidricaCompleta.storyboard */; };
		8C444CEE1D4D4C2A00BB5E37 /* ElectricidadLigeraViewController.swift in Sources */ = {isa = PBXBuildFile; fileRef = 8C444CED1D4D4C2A00BB5E37 /* ElectricidadLigeraViewController.swift */; };
		8C7C388B1D7F807C00E23828 /* AguaLluviasController.swift in Sources */ = {isa = PBXBuildFile; fileRef = 8C7C388A1D7F807C00E23828 /* AguaLluviasController.swift */; };
		8C7C388E1D7F848A00E23828 /* AguaEmbotellada.swift in Sources */ = {isa = PBXBuildFile; fileRef = 8C7C388D1D7F848A00E23828 /* AguaEmbotellada.swift */; };
		8C7C38911D7F857F00E23828 /* Regadera.swift in Sources */ = {isa = PBXBuildFile; fileRef = 8C7C38901D7F857F00E23828 /* Regadera.swift */; };
		8C7C38941D7F8A0F00E23828 /* Jacuzzi.swift in Sources */ = {isa = PBXBuildFile; fileRef = 8C7C38931D7F8A0F00E23828 /* Jacuzzi.swift */; };
		8C7C38971D7F8A9C00E23828 /* Baldes.swift in Sources */ = {isa = PBXBuildFile; fileRef = 8C7C38961D7F8A9C00E23828 /* Baldes.swift */; };
		8C7C389A1D7F8B6600E23828 /* OtrasActividades.swift in Sources */ = {isa = PBXBuildFile; fileRef = 8C7C38991D7F8B6600E23828 /* OtrasActividades.swift */; };
		8C7C389D1D7F8D1E00E23828 /* Sanitario.swift in Sources */ = {isa = PBXBuildFile; fileRef = 8C7C389C1D7F8D1E00E23828 /* Sanitario.swift */; };
		8C7C38A01D7F8F5300E23828 /* LavadoRopa.swift in Sources */ = {isa = PBXBuildFile; fileRef = 8C7C389F1D7F8F5300E23828 /* LavadoRopa.swift */; };
		8C7C38A31D80609C00E23828 /* LimpiezaHogar.swift in Sources */ = {isa = PBXBuildFile; fileRef = 8C7C38A21D80609C00E23828 /* LimpiezaHogar.swift */; };
		8C7C38A61D80642F00E23828 /* Cocina.swift in Sources */ = {isa = PBXBuildFile; fileRef = 8C7C38A51D80642F00E23828 /* Cocina.swift */; };
		8C7C38A91D80665800E23828 /* LavadoAuto.swift in Sources */ = {isa = PBXBuildFile; fileRef = 8C7C38A81D80665800E23828 /* LavadoAuto.swift */; };
		8C7C38AC1D806AD600E23828 /* Jardin.swift in Sources */ = {isa = PBXBuildFile; fileRef = 8C7C38AB1D806AD600E23828 /* Jardin.swift */; };
		8C7C38AF1D80782300E23828 /* Alberca.swift in Sources */ = {isa = PBXBuildFile; fileRef = 8C7C38AE1D80782300E23828 /* Alberca.swift */; };
		8C7C38B21D80791D00E23828 /* Consumo.swift in Sources */ = {isa = PBXBuildFile; fileRef = 8C7C38B11D80791D00E23828 /* Consumo.swift */; };
		8C7C38B51D807EE400E23828 /* ResumenHidricaCompleta.swift in Sources */ = {isa = PBXBuildFile; fileRef = 8C7C38B41D807EE400E23828 /* ResumenHidricaCompleta.swift */; };
		8C7C38B81D80859E00E23828 /* DatosHidricaCompleta.swift in Sources */ = {isa = PBXBuildFile; fileRef = 8C7C38B71D80859E00E23828 /* DatosHidricaCompleta.swift */; };
		8C7C38BA1D8085CC00E23828 /* HCInformacion.swift in Sources */ = {isa = PBXBuildFile; fileRef = 8C7C38B91D8085CC00E23828 /* HCInformacion.swift */; };
		8C7C38BC1D8085E600E23828 /* HCAguaLluvias.swift in Sources */ = {isa = PBXBuildFile; fileRef = 8C7C38BB1D8085E600E23828 /* HCAguaLluvias.swift */; };
		8C7C38BE1D8085F900E23828 /* HCAguaEmbotellada.swift in Sources */ = {isa = PBXBuildFile; fileRef = 8C7C38BD1D8085F900E23828 /* HCAguaEmbotellada.swift */; };
		8C7C38C01D80860B00E23828 /* HCRegadera.swift in Sources */ = {isa = PBXBuildFile; fileRef = 8C7C38BF1D80860B00E23828 /* HCRegadera.swift */; };
		8C7C38C21D80861F00E23828 /* HCJacuzzi.swift in Sources */ = {isa = PBXBuildFile; fileRef = 8C7C38C11D80861F00E23828 /* HCJacuzzi.swift */; };
		8C7C38C41D80863200E23828 /* HCBaldes.swift in Sources */ = {isa = PBXBuildFile; fileRef = 8C7C38C31D80863200E23828 /* HCBaldes.swift */; };
		8C7C38C61D80864C00E23828 /* HCHiguienePersonal.swift in Sources */ = {isa = PBXBuildFile; fileRef = 8C7C38C51D80864C00E23828 /* HCHiguienePersonal.swift */; };
		8C7C38C81D80865C00E23828 /* HCSanitario.swift in Sources */ = {isa = PBXBuildFile; fileRef = 8C7C38C71D80865C00E23828 /* HCSanitario.swift */; };
		8C7C38CA1D80873400E23828 /* HCLavadoRopa.swift in Sources */ = {isa = PBXBuildFile; fileRef = 8C7C38C91D80873400E23828 /* HCLavadoRopa.swift */; };
		8C7C38CC1D80874500E23828 /* HCLimpiezaHogar.swift in Sources */ = {isa = PBXBuildFile; fileRef = 8C7C38CB1D80874500E23828 /* HCLimpiezaHogar.swift */; };
		8C7C38CE1D80875600E23828 /* HCCocina.swift in Sources */ = {isa = PBXBuildFile; fileRef = 8C7C38CD1D80875600E23828 /* HCCocina.swift */; };
		8C7C38D01D80876E00E23828 /* HCLavadoAuto.swift in Sources */ = {isa = PBXBuildFile; fileRef = 8C7C38CF1D80876E00E23828 /* HCLavadoAuto.swift */; };
		8C7C38D21D80878100E23828 /* HCJardines.swift in Sources */ = {isa = PBXBuildFile; fileRef = 8C7C38D11D80878100E23828 /* HCJardines.swift */; };
		8C7C38D41D80879100E23828 /* HCAlberca.swift in Sources */ = {isa = PBXBuildFile; fileRef = 8C7C38D31D80879100E23828 /* HCAlberca.swift */; };
		8C7C38D61D8087AE00E23828 /* HCAlimentacion.swift in Sources */ = {isa = PBXBuildFile; fileRef = 8C7C38D51D8087AE00E23828 /* HCAlimentacion.swift */; };
		8C812BFC1D7D454F0044C660 /* InformacionHidricaLigera.swift in Sources */ = {isa = PBXBuildFile; fileRef = 8C812BFB1D7D454F0044C660 /* InformacionHidricaLigera.swift */; };
		8C812BFE1D7D47970044C660 /* RegaderaHidricaLigeraController.swift in Sources */ = {isa = PBXBuildFile; fileRef = 8C812BFD1D7D47970044C660 /* RegaderaHidricaLigeraController.swift */; };
		8C812C001D7D48AD0044C660 /* AseoPersonalLigeraController.swift in Sources */ = {isa = PBXBuildFile; fileRef = 8C812BFF1D7D48AD0044C660 /* AseoPersonalLigeraController.swift */; };
		8C812C021D7D4A2A0044C660 /* SanitarioLigeraController.swift in Sources */ = {isa = PBXBuildFile; fileRef = 8C812C011D7D4A2A0044C660 /* SanitarioLigeraController.swift */; };
		8C812C041D7D4AFE0044C660 /* LavadoRopaLigeraController.swift in Sources */ = {isa = PBXBuildFile; fileRef = 8C812C031D7D4AFE0044C660 /* LavadoRopaLigeraController.swift */; };
		8C812C061D7D4C320044C660 /* AlimentacionLigeraController.swift in Sources */ = {isa = PBXBuildFile; fileRef = 8C812C051D7D4C320044C660 /* AlimentacionLigeraController.swift */; };
		8C812C091D7D4F6B0044C660 /* ResumenHidricaLigera.swift in Sources */ = {isa = PBXBuildFile; fileRef = 8C812C081D7D4F6B0044C660 /* ResumenHidricaLigera.swift */; };
		8C812C0C1D7D5F410044C660 /* HLInformacion.swift in Sources */ = {isa = PBXBuildFile; fileRef = 8C812C0B1D7D5F410044C660 /* HLInformacion.swift */; };
		8C812C0E1D7D5FC00044C660 /* HLRegadera.swift in Sources */ = {isa = PBXBuildFile; fileRef = 8C812C0D1D7D5FC00044C660 /* HLRegadera.swift */; };
		8C812C101D7D600E0044C660 /* HLAseoPersonal.swift in Sources */ = {isa = PBXBuildFile; fileRef = 8C812C0F1D7D600E0044C660 /* HLAseoPersonal.swift */; };
		8C812C121D7D606D0044C660 /* HLSanitario.swift in Sources */ = {isa = PBXBuildFile; fileRef = 8C812C111D7D606D0044C660 /* HLSanitario.swift */; };
		8C812C141D7D61510044C660 /* HLLavadoRopa.swift in Sources */ = {isa = PBXBuildFile; fileRef = 8C812C131D7D61510044C660 /* HLLavadoRopa.swift */; };
		8C812C161D7D61900044C660 /* HLAlimentacion.swift in Sources */ = {isa = PBXBuildFile; fileRef = 8C812C151D7D61900044C660 /* HLAlimentacion.swift */; };
		8C812C181D7D621F0044C660 /* DatosHidricaLigera.swift in Sources */ = {isa = PBXBuildFile; fileRef = 8C812C171D7D621F0044C660 /* DatosHidricaLigera.swift */; };
		8C812C1B1D7D6D290044C660 /* DatosCarbonoLigera.swift in Sources */ = {isa = PBXBuildFile; fileRef = 8C812C1A1D7D6D290044C660 /* DatosCarbonoLigera.swift */; };
		8C812C1D1D7D6D460044C660 /* CLInformacion.swift in Sources */ = {isa = PBXBuildFile; fileRef = 8C812C1C1D7D6D460044C660 /* CLInformacion.swift */; };
		8C812C1F1D7D6D610044C660 /* CLComustible.swift in Sources */ = {isa = PBXBuildFile; fileRef = 8C812C1E1D7D6D610044C660 /* CLComustible.swift */; };
		8C812C211D7D6D7A0044C660 /* CLElectricidad.swift in Sources */ = {isa = PBXBuildFile; fileRef = 8C812C201D7D6D7A0044C660 /* CLElectricidad.swift */; };
		8C812C231D7D6D8B0044C660 /* CLTransporte.swift in Sources */ = {isa = PBXBuildFile; fileRef = 8C812C221D7D6D8B0044C660 /* CLTransporte.swift */; };
		8C812C251D7D6D9F0044C660 /* CLViajes.swift in Sources */ = {isa = PBXBuildFile; fileRef = 8C812C241D7D6D9F0044C660 /* CLViajes.swift */; };
		8C812C271D7D6DAE0044C660 /* CLIngreso.swift in Sources */ = {isa = PBXBuildFile; fileRef = 8C812C261D7D6DAE0044C660 /* CLIngreso.swift */; };
		8CA456FA1D4D4586003614DE /* InformacionCarbonoLigeraViewController.swift in Sources */ = {isa = PBXBuildFile; fileRef = 8CA456F91D4D4586003614DE /* InformacionCarbonoLigeraViewController.swift */; };
		8CA456FD1D4D4766003614DE /* CombustibleLigeraViewController.swift in Sources */ = {isa = PBXBuildFile; fileRef = 8CA456FC1D4D4766003614DE /* CombustibleLigeraViewController.swift */; };
		8CAD3C6E1D66AD050091FDC0 /* HidricaCompletaController.swift in Sources */ = {isa = PBXBuildFile; fileRef = 8CAD3C6D1D66AD050091FDC0 /* HidricaCompletaController.swift */; };
		8CAD3C7B1D69B2E30091FDC0 /* TransporteLigeraController.swift in Sources */ = {isa = PBXBuildFile; fileRef = 8CAD3C7A1D69B2E30091FDC0 /* TransporteLigeraController.swift */; };
		8CAD3C7D1D69B6FF0091FDC0 /* Extensions.swift in Sources */ = {isa = PBXBuildFile; fileRef = 8CAD3C7C1D69B6FF0091FDC0 /* Extensions.swift */; };
		8CAD3C821D69BBDC0091FDC0 /* ViajesController.swift in Sources */ = {isa = PBXBuildFile; fileRef = 8CAD3C811D69BBDC0091FDC0 /* ViajesController.swift */; };
		8CAD3C851D69C5180091FDC0 /* Ingreso.swift in Sources */ = {isa = PBXBuildFile; fileRef = 8CAD3C841D69C5180091FDC0 /* Ingreso.swift */; };
		8CAD3C881D6B92D30091FDC0 /* InformacionCarbonoCompletaController.swift in Sources */ = {isa = PBXBuildFile; fileRef = 8CAD3C871D6B92D30091FDC0 /* InformacionCarbonoCompletaController.swift */; };
		8CAD3C8B1D6B96070091FDC0 /* EmisionesCarbonoCompletaController.swift in Sources */ = {isa = PBXBuildFile; fileRef = 8CAD3C8A1D6B96070091FDC0 /* EmisionesCarbonoCompletaController.swift */; };
		8CAD3C8E1D6B9D390091FDC0 /* ElectricidadCarbonoCompletaController.swift in Sources */ = {isa = PBXBuildFile; fileRef = 8CAD3C8D1D6B9D390091FDC0 /* ElectricidadCarbonoCompletaController.swift */; };
		8CAD3C911D6B9F4A0091FDC0 /* AguaCarbonoCompletaController.swift in Sources */ = {isa = PBXBuildFile; fileRef = 8CAD3C901D6B9F4A0091FDC0 /* AguaCarbonoCompletaController.swift */; };
		8CAD3C941D6BA1230091FDC0 /* ViajesEstadoCarbonoCompletaController.swift in Sources */ = {isa = PBXBuildFile; fileRef = 8CAD3C931D6BA1230091FDC0 /* ViajesEstadoCarbonoCompletaController.swift */; };
		8CAD3CD31D6E219C0091FDC0 /* ViajesPaisCarbonoCompletaController.swift in Sources */ = {isa = PBXBuildFile; fileRef = 8CAD3CD21D6E219C0091FDC0 /* ViajesPaisCarbonoCompletaController.swift */; };
		8CAD3CD61D6E27200091FDC0 /* TransporteCarbonoCompletaController.swift in Sources */ = {isa = PBXBuildFile; fileRef = 8CAD3CD51D6E27200091FDC0 /* TransporteCarbonoCompletaController.swift */; };
		8CAD3CD91D6E2B800091FDC0 /* ViajesFueraPaisCarbonoCompletaController.swift in Sources */ = {isa = PBXBuildFile; fileRef = 8CAD3CD81D6E2B800091FDC0 /* ViajesFueraPaisCarbonoCompletaController.swift */; };
		8CAD3CDC1D6E2D840091FDC0 /* ViajesAereosNacionalesCarbonoCompletaController.swift in Sources */ = {isa = PBXBuildFile; fileRef = 8CAD3CDB1D6E2D840091FDC0 /* ViajesAereosNacionalesCarbonoCompletaController.swift */; };
		8CAD3CDF1D6E2E840091FDC0 /* ViajesAereosInternacionalesCarbonoCompletaController.swift in Sources */ = {isa = PBXBuildFile; fileRef = 8CAD3CDE1D6E2E840091FDC0 /* ViajesAereosInternacionalesCarbonoCompletaController.swift */; };
		8CAD3CE21D6E2FB80091FDC0 /* AlimentacionCarbonoCompletaController.swift in Sources */ = {isa = PBXBuildFile; fileRef = 8CAD3CE11D6E2FB80091FDC0 /* AlimentacionCarbonoCompletaController.swift */; };
		8CAD3CE51D6E30D70091FDC0 /* IngresoCarbonoCompletaController.swift in Sources */ = {isa = PBXBuildFile; fileRef = 8CAD3CE41D6E30D70091FDC0 /* IngresoCarbonoCompletaController.swift */; };
		8CAD3CE81D6E32EE0091FDC0 /* AguaResidual.swift in Sources */ = {isa = PBXBuildFile; fileRef = 8CAD3CE71D6E32EE0091FDC0 /* AguaResidual.swift */; };
		8CAD3CEB1D6E3DA10091FDC0 /* Carbono.swift in Sources */ = {isa = PBXBuildFile; fileRef = 8CAD3CEA1D6E3DA10091FDC0 /* Carbono.swift */; };
		8CAD3CEE1D6E3F750091FDC0 /* Residuos.swift in Sources */ = {isa = PBXBuildFile; fileRef = 8CAD3CED1D6E3F750091FDC0 /* Residuos.swift */; };
		8CAD3CF11D6E42BA0091FDC0 /* Mitigacion.swift in Sources */ = {isa = PBXBuildFile; fileRef = 8CAD3CF01D6E42BA0091FDC0 /* Mitigacion.swift */; };
		8CFC15DD1D7D785300A99C56 /* ResumenCarbonoLigera.swift in Sources */ = {isa = PBXBuildFile; fileRef = 8CFC15DC1D7D785300A99C56 /* ResumenCarbonoLigera.swift */; };
		8CFC16761D7F6A1900A99C56 /* InformacionHidricaCompletaController.swift in Sources */ = {isa = PBXBuildFile; fileRef = 8CFC16751D7F6A1900A99C56 /* InformacionHidricaCompletaController.swift */; };
/* End PBXBuildFile section */

/* Begin PBXContainerItemProxy section */
		8C0A417A1D4AAA4100AE6F7E /* PBXContainerItemProxy */ = {
			isa = PBXContainerItemProxy;
			containerPortal = 8C0A415D1D4AAA4000AE6F7E /* Project object */;
			proxyType = 1;
			remoteGlobalIDString = 8C0A41641D4AAA4100AE6F7E;
			remoteInfo = "Huella Ecológica";
		};
		8C0A41851D4AAA4100AE6F7E /* PBXContainerItemProxy */ = {
			isa = PBXContainerItemProxy;
			containerPortal = 8C0A415D1D4AAA4000AE6F7E /* Project object */;
			proxyType = 1;
			remoteGlobalIDString = 8C0A41641D4AAA4100AE6F7E;
			remoteInfo = "Huella Ecológica";
		};
/* End PBXContainerItemProxy section */

/* Begin PBXFileReference section */
		8C0A41651D4AAA4100AE6F7E /* Huella Ecológica.app */ = {isa = PBXFileReference; explicitFileType = wrapper.application; includeInIndex = 0; path = "Huella Ecológica.app"; sourceTree = BUILT_PRODUCTS_DIR; };
		8C0A41681D4AAA4100AE6F7E /* AppDelegate.swift */ = {isa = PBXFileReference; lastKnownFileType = sourcecode.swift; path = AppDelegate.swift; sourceTree = "<group>"; };
		8C0A416A1D4AAA4100AE6F7E /* ViewController.swift */ = {isa = PBXFileReference; lastKnownFileType = sourcecode.swift; path = ViewController.swift; sourceTree = "<group>"; };
		8C0A416D1D4AAA4100AE6F7E /* Base */ = {isa = PBXFileReference; lastKnownFileType = file.storyboard; name = Base; path = Base.lproj/Main.storyboard; sourceTree = "<group>"; };
		8C0A416F1D4AAA4100AE6F7E /* Assets.xcassets */ = {isa = PBXFileReference; lastKnownFileType = folder.assetcatalog; path = Assets.xcassets; sourceTree = "<group>"; };
		8C0A41721D4AAA4100AE6F7E /* Base */ = {isa = PBXFileReference; lastKnownFileType = file.storyboard; name = Base; path = Base.lproj/LaunchScreen.storyboard; sourceTree = "<group>"; };
		8C0A41741D4AAA4100AE6F7E /* Info.plist */ = {isa = PBXFileReference; lastKnownFileType = text.plist.xml; path = Info.plist; sourceTree = "<group>"; };
		8C0A41791D4AAA4100AE6F7E /* Huella EcológicaTests.xctest */ = {isa = PBXFileReference; explicitFileType = wrapper.cfbundle; includeInIndex = 0; path = "Huella EcológicaTests.xctest"; sourceTree = BUILT_PRODUCTS_DIR; };
		8C0A417D1D4AAA4100AE6F7E /* Huella_Ecolo_gicaTests.swift */ = {isa = PBXFileReference; lastKnownFileType = sourcecode.swift; path = Huella_Ecolo_gicaTests.swift; sourceTree = "<group>"; };
		8C0A417F1D4AAA4100AE6F7E /* Info.plist */ = {isa = PBXFileReference; lastKnownFileType = text.plist.xml; path = Info.plist; sourceTree = "<group>"; };
		8C0A41841D4AAA4100AE6F7E /* Huella EcológicaUITests.xctest */ = {isa = PBXFileReference; explicitFileType = wrapper.cfbundle; includeInIndex = 0; path = "Huella EcológicaUITests.xctest"; sourceTree = BUILT_PRODUCTS_DIR; };
		8C0A41881D4AAA4100AE6F7E /* Huella_Ecolo_gicaUITests.swift */ = {isa = PBXFileReference; lastKnownFileType = sourcecode.swift; path = Huella_Ecolo_gicaUITests.swift; sourceTree = "<group>"; };
		8C0A418A1D4AAA4100AE6F7E /* Info.plist */ = {isa = PBXFileReference; lastKnownFileType = text.plist.xml; path = Info.plist; sourceTree = "<group>"; };
		8C0A41961D4AB1EF00AE6F7E /* CarbonoLigera.storyboard */ = {isa = PBXFileReference; fileEncoding = 4; lastKnownFileType = file.storyboard; name = CarbonoLigera.storyboard; path = ../CarbonoLigera.storyboard; sourceTree = "<group>"; };
		8C0A419F1D4AB5B200AE6F7E /* CarbonoInicioLigeraController.swift */ = {isa = PBXFileReference; fileEncoding = 4; lastKnownFileType = sourcecode.swift; path = CarbonoInicioLigeraController.swift; sourceTree = "<group>"; };
		8C2EE7D51D62DAE0000A7DC2 /* CarbonoCompletaController.swift */ = {isa = PBXFileReference; fileEncoding = 4; lastKnownFileType = sourcecode.swift; path = CarbonoCompletaController.swift; sourceTree = "<group>"; };
		8C355E791D4C2287000C25EF /* Huella Ecológica-Bridging-Header.h */ = {isa = PBXFileReference; fileEncoding = 4; lastKnownFileType = sourcecode.c.h; path = "Huella Ecológica-Bridging-Header.h"; sourceTree = "<group>"; };
		8C355E7B1D4C22BC000C25EF /* ADPageControl.h */ = {isa = PBXFileReference; fileEncoding = 4; lastKnownFileType = sourcecode.c.h; path = ADPageControl.h; sourceTree = "<group>"; };
		8C355E7C1D4C22BC000C25EF /* ADPageControl.m */ = {isa = PBXFileReference; fileEncoding = 4; lastKnownFileType = sourcecode.c.objc; path = ADPageControl.m; sourceTree = "<group>"; };
		8C355E811D4C3155000C25EF /* ADPageControl.xib */ = {isa = PBXFileReference; fileEncoding = 4; lastKnownFileType = file.xib; path = ADPageControl.xib; sourceTree = "<group>"; };
		8C355E831D4C463B000C25EF /* HidricaLigera.storyboard */ = {isa = PBXFileReference; fileEncoding = 4; lastKnownFileType = file.storyboard; name = HidricaLigera.storyboard; path = ../HidricaLigera.storyboard; sourceTree = "<group>"; };
		8C355E861D4C467B000C25EF /* HidricaInicioLigeraController.swift */ = {isa = PBXFileReference; fileEncoding = 4; lastKnownFileType = sourcecode.swift; path = HidricaInicioLigeraController.swift; sourceTree = "<group>"; };
		8C355E881D4C4C4D000C25EF /* CarbonoCompleta.storyboard */ = {isa = PBXFileReference; fileEncoding = 4; lastKnownFileType = file.storyboard; path = CarbonoCompleta.storyboard; sourceTree = "<group>"; };
		8C355E8A1D4C4C64000C25EF /* HidricaCompleta.storyboard */ = {isa = PBXFileReference; fileEncoding = 4; lastKnownFileType = file.storyboard; path = HidricaCompleta.storyboard; sourceTree = "<group>"; };
		8C444CED1D4D4C2A00BB5E37 /* ElectricidadLigeraViewController.swift */ = {isa = PBXFileReference; fileEncoding = 4; lastKnownFileType = sourcecode.swift; path = ElectricidadLigeraViewController.swift; sourceTree = "<group>"; };
		8C7C388A1D7F807C00E23828 /* AguaLluviasController.swift */ = {isa = PBXFileReference; fileEncoding = 4; lastKnownFileType = sourcecode.swift; path = AguaLluviasController.swift; sourceTree = "<group>"; };
		8C7C388D1D7F848A00E23828 /* AguaEmbotellada.swift */ = {isa = PBXFileReference; fileEncoding = 4; lastKnownFileType = sourcecode.swift; path = AguaEmbotellada.swift; sourceTree = "<group>"; };
		8C7C38901D7F857F00E23828 /* Regadera.swift */ = {isa = PBXFileReference; fileEncoding = 4; lastKnownFileType = sourcecode.swift; path = Regadera.swift; sourceTree = "<group>"; };
		8C7C38931D7F8A0F00E23828 /* Jacuzzi.swift */ = {isa = PBXFileReference; fileEncoding = 4; lastKnownFileType = sourcecode.swift; path = Jacuzzi.swift; sourceTree = "<group>"; };
		8C7C38961D7F8A9C00E23828 /* Baldes.swift */ = {isa = PBXFileReference; fileEncoding = 4; lastKnownFileType = sourcecode.swift; path = Baldes.swift; sourceTree = "<group>"; };
		8C7C38991D7F8B6600E23828 /* OtrasActividades.swift */ = {isa = PBXFileReference; fileEncoding = 4; lastKnownFileType = sourcecode.swift; path = OtrasActividades.swift; sourceTree = "<group>"; };
		8C7C389C1D7F8D1E00E23828 /* Sanitario.swift */ = {isa = PBXFileReference; fileEncoding = 4; lastKnownFileType = sourcecode.swift; path = Sanitario.swift; sourceTree = "<group>"; };
		8C7C389F1D7F8F5300E23828 /* LavadoRopa.swift */ = {isa = PBXFileReference; fileEncoding = 4; lastKnownFileType = sourcecode.swift; path = LavadoRopa.swift; sourceTree = "<group>"; };
		8C7C38A21D80609C00E23828 /* LimpiezaHogar.swift */ = {isa = PBXFileReference; fileEncoding = 4; lastKnownFileType = sourcecode.swift; path = LimpiezaHogar.swift; sourceTree = "<group>"; };
		8C7C38A51D80642F00E23828 /* Cocina.swift */ = {isa = PBXFileReference; fileEncoding = 4; lastKnownFileType = sourcecode.swift; path = Cocina.swift; sourceTree = "<group>"; };
		8C7C38A81D80665800E23828 /* LavadoAuto.swift */ = {isa = PBXFileReference; fileEncoding = 4; lastKnownFileType = sourcecode.swift; path = LavadoAuto.swift; sourceTree = "<group>"; };
		8C7C38AB1D806AD600E23828 /* Jardin.swift */ = {isa = PBXFileReference; fileEncoding = 4; lastKnownFileType = sourcecode.swift; path = Jardin.swift; sourceTree = "<group>"; };
		8C7C38AE1D80782300E23828 /* Alberca.swift */ = {isa = PBXFileReference; fileEncoding = 4; lastKnownFileType = sourcecode.swift; path = Alberca.swift; sourceTree = "<group>"; };
		8C7C38B11D80791D00E23828 /* Consumo.swift */ = {isa = PBXFileReference; fileEncoding = 4; lastKnownFileType = sourcecode.swift; path = Consumo.swift; sourceTree = "<group>"; };
		8C7C38B41D807EE400E23828 /* ResumenHidricaCompleta.swift */ = {isa = PBXFileReference; fileEncoding = 4; lastKnownFileType = sourcecode.swift; path = ResumenHidricaCompleta.swift; sourceTree = "<group>"; };
		8C7C38B71D80859E00E23828 /* DatosHidricaCompleta.swift */ = {isa = PBXFileReference; fileEncoding = 4; lastKnownFileType = sourcecode.swift; path = DatosHidricaCompleta.swift; sourceTree = "<group>"; };
		8C7C38B91D8085CC00E23828 /* HCInformacion.swift */ = {isa = PBXFileReference; fileEncoding = 4; lastKnownFileType = sourcecode.swift; path = HCInformacion.swift; sourceTree = "<group>"; };
		8C7C38BB1D8085E600E23828 /* HCAguaLluvias.swift */ = {isa = PBXFileReference; fileEncoding = 4; lastKnownFileType = sourcecode.swift; path = HCAguaLluvias.swift; sourceTree = "<group>"; };
		8C7C38BD1D8085F900E23828 /* HCAguaEmbotellada.swift */ = {isa = PBXFileReference; fileEncoding = 4; lastKnownFileType = sourcecode.swift; path = HCAguaEmbotellada.swift; sourceTree = "<group>"; };
		8C7C38BF1D80860B00E23828 /* HCRegadera.swift */ = {isa = PBXFileReference; fileEncoding = 4; lastKnownFileType = sourcecode.swift; path = HCRegadera.swift; sourceTree = "<group>"; };
		8C7C38C11D80861F00E23828 /* HCJacuzzi.swift */ = {isa = PBXFileReference; fileEncoding = 4; lastKnownFileType = sourcecode.swift; path = HCJacuzzi.swift; sourceTree = "<group>"; };
		8C7C38C31D80863200E23828 /* HCBaldes.swift */ = {isa = PBXFileReference; fileEncoding = 4; lastKnownFileType = sourcecode.swift; path = HCBaldes.swift; sourceTree = "<group>"; };
		8C7C38C51D80864C00E23828 /* HCHiguienePersonal.swift */ = {isa = PBXFileReference; fileEncoding = 4; lastKnownFileType = sourcecode.swift; path = HCHiguienePersonal.swift; sourceTree = "<group>"; };
		8C7C38C71D80865C00E23828 /* HCSanitario.swift */ = {isa = PBXFileReference; fileEncoding = 4; lastKnownFileType = sourcecode.swift; path = HCSanitario.swift; sourceTree = "<group>"; };
		8C7C38C91D80873400E23828 /* HCLavadoRopa.swift */ = {isa = PBXFileReference; fileEncoding = 4; lastKnownFileType = sourcecode.swift; path = HCLavadoRopa.swift; sourceTree = "<group>"; };
		8C7C38CB1D80874500E23828 /* HCLimpiezaHogar.swift */ = {isa = PBXFileReference; fileEncoding = 4; lastKnownFileType = sourcecode.swift; path = HCLimpiezaHogar.swift; sourceTree = "<group>"; };
		8C7C38CD1D80875600E23828 /* HCCocina.swift */ = {isa = PBXFileReference; fileEncoding = 4; lastKnownFileType = sourcecode.swift; path = HCCocina.swift; sourceTree = "<group>"; };
		8C7C38CF1D80876E00E23828 /* HCLavadoAuto.swift */ = {isa = PBXFileReference; fileEncoding = 4; lastKnownFileType = sourcecode.swift; path = HCLavadoAuto.swift; sourceTree = "<group>"; };
		8C7C38D11D80878100E23828 /* HCJardines.swift */ = {isa = PBXFileReference; fileEncoding = 4; lastKnownFileType = sourcecode.swift; path = HCJardines.swift; sourceTree = "<group>"; };
		8C7C38D31D80879100E23828 /* HCAlberca.swift */ = {isa = PBXFileReference; fileEncoding = 4; lastKnownFileType = sourcecode.swift; path = HCAlberca.swift; sourceTree = "<group>"; };
		8C7C38D51D8087AE00E23828 /* HCAlimentacion.swift */ = {isa = PBXFileReference; fileEncoding = 4; lastKnownFileType = sourcecode.swift; path = HCAlimentacion.swift; sourceTree = "<group>"; };
		8C812BFB1D7D454F0044C660 /* InformacionHidricaLigera.swift */ = {isa = PBXFileReference; fileEncoding = 4; lastKnownFileType = sourcecode.swift; path = InformacionHidricaLigera.swift; sourceTree = "<group>"; };
		8C812BFD1D7D47970044C660 /* RegaderaHidricaLigeraController.swift */ = {isa = PBXFileReference; fileEncoding = 4; lastKnownFileType = sourcecode.swift; path = RegaderaHidricaLigeraController.swift; sourceTree = "<group>"; };
		8C812BFF1D7D48AD0044C660 /* AseoPersonalLigeraController.swift */ = {isa = PBXFileReference; fileEncoding = 4; lastKnownFileType = sourcecode.swift; path = AseoPersonalLigeraController.swift; sourceTree = "<group>"; };
		8C812C011D7D4A2A0044C660 /* SanitarioLigeraController.swift */ = {isa = PBXFileReference; fileEncoding = 4; lastKnownFileType = sourcecode.swift; path = SanitarioLigeraController.swift; sourceTree = "<group>"; };
		8C812C031D7D4AFE0044C660 /* LavadoRopaLigeraController.swift */ = {isa = PBXFileReference; fileEncoding = 4; lastKnownFileType = sourcecode.swift; path = LavadoRopaLigeraController.swift; sourceTree = "<group>"; };
		8C812C051D7D4C320044C660 /* AlimentacionLigeraController.swift */ = {isa = PBXFileReference; fileEncoding = 4; lastKnownFileType = sourcecode.swift; path = AlimentacionLigeraController.swift; sourceTree = "<group>"; };
		8C812C081D7D4F6B0044C660 /* ResumenHidricaLigera.swift */ = {isa = PBXFileReference; fileEncoding = 4; lastKnownFileType = sourcecode.swift; path = ResumenHidricaLigera.swift; sourceTree = "<group>"; };
		8C812C0B1D7D5F410044C660 /* HLInformacion.swift */ = {isa = PBXFileReference; fileEncoding = 4; lastKnownFileType = sourcecode.swift; path = HLInformacion.swift; sourceTree = "<group>"; };
		8C812C0D1D7D5FC00044C660 /* HLRegadera.swift */ = {isa = PBXFileReference; fileEncoding = 4; lastKnownFileType = sourcecode.swift; path = HLRegadera.swift; sourceTree = "<group>"; };
		8C812C0F1D7D600E0044C660 /* HLAseoPersonal.swift */ = {isa = PBXFileReference; fileEncoding = 4; lastKnownFileType = sourcecode.swift; path = HLAseoPersonal.swift; sourceTree = "<group>"; };
		8C812C111D7D606D0044C660 /* HLSanitario.swift */ = {isa = PBXFileReference; fileEncoding = 4; lastKnownFileType = sourcecode.swift; path = HLSanitario.swift; sourceTree = "<group>"; };
		8C812C131D7D61510044C660 /* HLLavadoRopa.swift */ = {isa = PBXFileReference; fileEncoding = 4; lastKnownFileType = sourcecode.swift; path = HLLavadoRopa.swift; sourceTree = "<group>"; };
		8C812C151D7D61900044C660 /* HLAlimentacion.swift */ = {isa = PBXFileReference; fileEncoding = 4; lastKnownFileType = sourcecode.swift; path = HLAlimentacion.swift; sourceTree = "<group>"; };
		8C812C171D7D621F0044C660 /* DatosHidricaLigera.swift */ = {isa = PBXFileReference; fileEncoding = 4; lastKnownFileType = sourcecode.swift; path = DatosHidricaLigera.swift; sourceTree = "<group>"; };
		8C812C1A1D7D6D290044C660 /* DatosCarbonoLigera.swift */ = {isa = PBXFileReference; fileEncoding = 4; lastKnownFileType = sourcecode.swift; path = DatosCarbonoLigera.swift; sourceTree = "<group>"; };
		8C812C1C1D7D6D460044C660 /* CLInformacion.swift */ = {isa = PBXFileReference; fileEncoding = 4; lastKnownFileType = sourcecode.swift; path = CLInformacion.swift; sourceTree = "<group>"; };
		8C812C1E1D7D6D610044C660 /* CLComustible.swift */ = {isa = PBXFileReference; fileEncoding = 4; lastKnownFileType = sourcecode.swift; path = CLComustible.swift; sourceTree = "<group>"; };
		8C812C201D7D6D7A0044C660 /* CLElectricidad.swift */ = {isa = PBXFileReference; fileEncoding = 4; lastKnownFileType = sourcecode.swift; path = CLElectricidad.swift; sourceTree = "<group>"; };
		8C812C221D7D6D8B0044C660 /* CLTransporte.swift */ = {isa = PBXFileReference; fileEncoding = 4; lastKnownFileType = sourcecode.swift; path = CLTransporte.swift; sourceTree = "<group>"; };
		8C812C241D7D6D9F0044C660 /* CLViajes.swift */ = {isa = PBXFileReference; fileEncoding = 4; lastKnownFileType = sourcecode.swift; path = CLViajes.swift; sourceTree = "<group>"; };
		8C812C261D7D6DAE0044C660 /* CLIngreso.swift */ = {isa = PBXFileReference; fileEncoding = 4; lastKnownFileType = sourcecode.swift; path = CLIngreso.swift; sourceTree = "<group>"; };
		8CA456F91D4D4586003614DE /* InformacionCarbonoLigeraViewController.swift */ = {isa = PBXFileReference; fileEncoding = 4; lastKnownFileType = sourcecode.swift; path = InformacionCarbonoLigeraViewController.swift; sourceTree = "<group>"; };
		8CA456FC1D4D4766003614DE /* CombustibleLigeraViewController.swift */ = {isa = PBXFileReference; fileEncoding = 4; lastKnownFileType = sourcecode.swift; path = CombustibleLigeraViewController.swift; sourceTree = "<group>"; };
		8CAD3C6D1D66AD050091FDC0 /* HidricaCompletaController.swift */ = {isa = PBXFileReference; fileEncoding = 4; lastKnownFileType = sourcecode.swift; path = HidricaCompletaController.swift; sourceTree = "<group>"; };
		8CAD3C7A1D69B2E30091FDC0 /* TransporteLigeraController.swift */ = {isa = PBXFileReference; fileEncoding = 4; lastKnownFileType = sourcecode.swift; path = TransporteLigeraController.swift; sourceTree = "<group>"; };
		8CAD3C7C1D69B6FF0091FDC0 /* Extensions.swift */ = {isa = PBXFileReference; fileEncoding = 4; lastKnownFileType = sourcecode.swift; path = Extensions.swift; sourceTree = "<group>"; };
		8CAD3C811D69BBDC0091FDC0 /* ViajesController.swift */ = {isa = PBXFileReference; fileEncoding = 4; lastKnownFileType = sourcecode.swift; path = ViajesController.swift; sourceTree = "<group>"; };
		8CAD3C841D69C5180091FDC0 /* Ingreso.swift */ = {isa = PBXFileReference; fileEncoding = 4; lastKnownFileType = sourcecode.swift; path = Ingreso.swift; sourceTree = "<group>"; };
		8CAD3C871D6B92D30091FDC0 /* InformacionCarbonoCompletaController.swift */ = {isa = PBXFileReference; fileEncoding = 4; lastKnownFileType = sourcecode.swift; path = InformacionCarbonoCompletaController.swift; sourceTree = "<group>"; };
		8CAD3C8A1D6B96070091FDC0 /* EmisionesCarbonoCompletaController.swift */ = {isa = PBXFileReference; fileEncoding = 4; lastKnownFileType = sourcecode.swift; path = EmisionesCarbonoCompletaController.swift; sourceTree = "<group>"; };
		8CAD3C8D1D6B9D390091FDC0 /* ElectricidadCarbonoCompletaController.swift */ = {isa = PBXFileReference; fileEncoding = 4; lastKnownFileType = sourcecode.swift; path = ElectricidadCarbonoCompletaController.swift; sourceTree = "<group>"; };
		8CAD3C901D6B9F4A0091FDC0 /* AguaCarbonoCompletaController.swift */ = {isa = PBXFileReference; fileEncoding = 4; lastKnownFileType = sourcecode.swift; path = AguaCarbonoCompletaController.swift; sourceTree = "<group>"; };
		8CAD3C931D6BA1230091FDC0 /* ViajesEstadoCarbonoCompletaController.swift */ = {isa = PBXFileReference; fileEncoding = 4; lastKnownFileType = sourcecode.swift; path = ViajesEstadoCarbonoCompletaController.swift; sourceTree = "<group>"; };
		8CAD3CD21D6E219C0091FDC0 /* ViajesPaisCarbonoCompletaController.swift */ = {isa = PBXFileReference; fileEncoding = 4; lastKnownFileType = sourcecode.swift; path = ViajesPaisCarbonoCompletaController.swift; sourceTree = "<group>"; };
		8CAD3CD51D6E27200091FDC0 /* TransporteCarbonoCompletaController.swift */ = {isa = PBXFileReference; fileEncoding = 4; lastKnownFileType = sourcecode.swift; path = TransporteCarbonoCompletaController.swift; sourceTree = "<group>"; };
		8CAD3CD81D6E2B800091FDC0 /* ViajesFueraPaisCarbonoCompletaController.swift */ = {isa = PBXFileReference; fileEncoding = 4; lastKnownFileType = sourcecode.swift; path = ViajesFueraPaisCarbonoCompletaController.swift; sourceTree = "<group>"; };
		8CAD3CDB1D6E2D840091FDC0 /* ViajesAereosNacionalesCarbonoCompletaController.swift */ = {isa = PBXFileReference; fileEncoding = 4; lastKnownFileType = sourcecode.swift; path = ViajesAereosNacionalesCarbonoCompletaController.swift; sourceTree = "<group>"; };
		8CAD3CDE1D6E2E840091FDC0 /* ViajesAereosInternacionalesCarbonoCompletaController.swift */ = {isa = PBXFileReference; fileEncoding = 4; lastKnownFileType = sourcecode.swift; path = ViajesAereosInternacionalesCarbonoCompletaController.swift; sourceTree = "<group>"; };
		8CAD3CE11D6E2FB80091FDC0 /* AlimentacionCarbonoCompletaController.swift */ = {isa = PBXFileReference; fileEncoding = 4; lastKnownFileType = sourcecode.swift; path = AlimentacionCarbonoCompletaController.swift; sourceTree = "<group>"; };
		8CAD3CE41D6E30D70091FDC0 /* IngresoCarbonoCompletaController.swift */ = {isa = PBXFileReference; fileEncoding = 4; lastKnownFileType = sourcecode.swift; path = IngresoCarbonoCompletaController.swift; sourceTree = "<group>"; };
		8CAD3CE71D6E32EE0091FDC0 /* AguaResidual.swift */ = {isa = PBXFileReference; fileEncoding = 4; lastKnownFileType = sourcecode.swift; path = AguaResidual.swift; sourceTree = "<group>"; };
		8CAD3CEA1D6E3DA10091FDC0 /* Carbono.swift */ = {isa = PBXFileReference; fileEncoding = 4; lastKnownFileType = sourcecode.swift; path = Carbono.swift; sourceTree = "<group>"; };
		8CAD3CED1D6E3F750091FDC0 /* Residuos.swift */ = {isa = PBXFileReference; fileEncoding = 4; lastKnownFileType = sourcecode.swift; path = Residuos.swift; sourceTree = "<group>"; };
		8CAD3CF01D6E42BA0091FDC0 /* Mitigacion.swift */ = {isa = PBXFileReference; fileEncoding = 4; lastKnownFileType = sourcecode.swift; path = Mitigacion.swift; sourceTree = "<group>"; };
		8CFC15DC1D7D785300A99C56 /* ResumenCarbonoLigera.swift */ = {isa = PBXFileReference; fileEncoding = 4; lastKnownFileType = sourcecode.swift; path = ResumenCarbonoLigera.swift; sourceTree = "<group>"; };
		8CFC16751D7F6A1900A99C56 /* InformacionHidricaCompletaController.swift */ = {isa = PBXFileReference; fileEncoding = 4; lastKnownFileType = sourcecode.swift; path = InformacionHidricaCompletaController.swift; sourceTree = "<group>"; };
/* End PBXFileReference section */

/* Begin PBXFrameworksBuildPhase section */
		8C0A41621D4AAA4100AE6F7E /* Frameworks */ = {
			isa = PBXFrameworksBuildPhase;
			buildActionMask = 2147483647;
			files = (
			);
			runOnlyForDeploymentPostprocessing = 0;
		};
		8C0A41761D4AAA4100AE6F7E /* Frameworks */ = {
			isa = PBXFrameworksBuildPhase;
			buildActionMask = 2147483647;
			files = (
			);
			runOnlyForDeploymentPostprocessing = 0;
		};
		8C0A41811D4AAA4100AE6F7E /* Frameworks */ = {
			isa = PBXFrameworksBuildPhase;
			buildActionMask = 2147483647;
			files = (
			);
			runOnlyForDeploymentPostprocessing = 0;
		};
/* End PBXFrameworksBuildPhase section */

/* Begin PBXGroup section */
		8C0A415C1D4AAA4000AE6F7E = {
			isa = PBXGroup;
			children = (
				8C0A41671D4AAA4100AE6F7E /* Huella Ecológica */,
				8C0A417C1D4AAA4100AE6F7E /* Huella EcológicaTests */,
				8C0A41871D4AAA4100AE6F7E /* Huella EcológicaUITests */,
				8C0A41661D4AAA4100AE6F7E /* Products */,
			);
			sourceTree = "<group>";
		};
		8C0A41661D4AAA4100AE6F7E /* Products */ = {
			isa = PBXGroup;
			children = (
				8C0A41651D4AAA4100AE6F7E /* Huella Ecológica.app */,
				8C0A41791D4AAA4100AE6F7E /* Huella EcológicaTests.xctest */,
				8C0A41841D4AAA4100AE6F7E /* Huella EcológicaUITests.xctest */,
			);
			name = Products;
			sourceTree = "<group>";
		};
		8C0A41671D4AAA4100AE6F7E /* Huella Ecológica */ = {
			isa = PBXGroup;
			children = (
				8C355E701D4C20DC000C25EF /* TabController */,
				8C0A41681D4AAA4100AE6F7E /* AppDelegate.swift */,
				8C0A416A1D4AAA4100AE6F7E /* ViewController.swift */,
				8C0A416C1D4AAA4100AE6F7E /* Main.storyboard */,
				8C0A41961D4AB1EF00AE6F7E /* CarbonoLigera.storyboard */,
				8C355E831D4C463B000C25EF /* HidricaLigera.storyboard */,
				8C355E881D4C4C4D000C25EF /* CarbonoCompleta.storyboard */,
				8C355E8A1D4C4C64000C25EF /* HidricaCompleta.storyboard */,
				8C0A419D1D4AB57B00AE6F7E /* VersionLigera */,
				8C2EE7D21D62DA9A000A7DC2 /* VersionCompleta */,
				8C0A416F1D4AAA4100AE6F7E /* Assets.xcassets */,
				8C0A41711D4AAA4100AE6F7E /* LaunchScreen.storyboard */,
				8C0A41741D4AAA4100AE6F7E /* Info.plist */,
				8CAD3C7C1D69B6FF0091FDC0 /* Extensions.swift */,
			);
			path = "Huella Ecológica";
			sourceTree = "<group>";
		};
		8C0A417C1D4AAA4100AE6F7E /* Huella EcológicaTests */ = {
			isa = PBXGroup;
			children = (
				8C0A417D1D4AAA4100AE6F7E /* Huella_Ecolo_gicaTests.swift */,
				8C0A417F1D4AAA4100AE6F7E /* Info.plist */,
			);
			path = "Huella EcológicaTests";
			sourceTree = "<group>";
		};
		8C0A41871D4AAA4100AE6F7E /* Huella EcológicaUITests */ = {
			isa = PBXGroup;
			children = (
				8C0A41881D4AAA4100AE6F7E /* Huella_Ecolo_gicaUITests.swift */,
				8C0A418A1D4AAA4100AE6F7E /* Info.plist */,
			);
			path = "Huella EcológicaUITests";
			sourceTree = "<group>";
		};
		8C0A419D1D4AB57B00AE6F7E /* VersionLigera */ = {
			isa = PBXGroup;
			children = (
				8C0A419E1D4AB58E00AE6F7E /* Carbono */,
				8C355E851D4C464B000C25EF /* Hidrica */,
			);
			name = VersionLigera;
			sourceTree = "<group>";
		};
		8C0A419E1D4AB58E00AE6F7E /* Carbono */ = {
			isa = PBXGroup;
			children = (
				8CFC15DB1D7D783C00A99C56 /* Resumen */,
				8C812C191D7D6D1A0044C660 /* Datos */,
				8CA456F81D4D455B003614DE /* Informacion */,
				8CA456FB1D4D4743003614DE /* Combustible */,
				8C444CEC1D4D4C0C00BB5E37 /* Electricidad */,
				8CAD3C791D69B2C30091FDC0 /* Transporte */,
				8CAD3C7E1D69BA8B0091FDC0 /* Viajes */,
				8CAD3C831D69C4F50091FDC0 /* Ingreso */,
				8C0A419F1D4AB5B200AE6F7E /* CarbonoInicioLigeraController.swift */,
			);
			name = Carbono;
			sourceTree = "<group>";
		};
		8C2EE7D21D62DA9A000A7DC2 /* VersionCompleta */ = {
			isa = PBXGroup;
			children = (
				8C2EE7D31D62DAB3000A7DC2 /* Carbono */,
				8C2EE7D41D62DAB9000A7DC2 /* Hidrica */,
			);
			name = VersionCompleta;
			sourceTree = "<group>";
		};
		8C2EE7D31D62DAB3000A7DC2 /* Carbono */ = {
			isa = PBXGroup;
			children = (
				8CAD3C861D6B92B50091FDC0 /* Informacion */,
				8CAD3C891D6B95EA0091FDC0 /* Emisiones */,
				8CAD3C8C1D6B9D210091FDC0 /* Electricidad */,
				8CAD3C8F1D6B9F330091FDC0 /* Agua */,
				8CAD3C921D6BA1070091FDC0 /* ViajesEstado */,
				8CAD3CD11D6E216C0091FDC0 /* ViajesPais */,
				8CAD3CD41D6E27030091FDC0 /* Transporte */,
				8CAD3CD71D6E2B640091FDC0 /* ViajesFueraPais */,
				8CAD3CDA1D6E2D5B0091FDC0 /* ViajesAereosNacionales */,
				8CAD3CDD1D6E2E580091FDC0 /* ViajesAereosInternacionales */,
				8CAD3CE01D6E2FA30091FDC0 /* Alimentacion */,
				8CAD3CE31D6E30B40091FDC0 /* Ingreso */,
				8CAD3CE61D6E32630091FDC0 /* AguaResidual */,
				8CAD3CE91D6E3D740091FDC0 /* Carbono */,
				8CAD3CEC1D6E3F620091FDC0 /* Residuos */,
				8CAD3CEF1D6E42A80091FDC0 /* Mitigacion */,
				8C2EE7D51D62DAE0000A7DC2 /* CarbonoCompletaController.swift */,
			);
			name = Carbono;
			sourceTree = "<group>";
		};
		8C2EE7D41D62DAB9000A7DC2 /* Hidrica */ = {
			isa = PBXGroup;
			children = (
				8CFC16741D7F69FB00A99C56 /* Informacion */,
				8C7C38891D7F806400E23828 /* AguaLluvias */,
				8C7C388C1D7F845700E23828 /* AguaEmbotellada */,
				8C7C388F1D7F856900E23828 /* Regadera */,
				8C7C38921D7F89FD00E23828 /* Jacuzzi */,
				8C7C38951D7F8A8B00E23828 /* Baldes */,
				8C7C38981D7F8B5400E23828 /* HiguienePersonal */,
				8C7C389B1D7F8D0C00E23828 /* Sanitario */,
				8C7C389E1D7F8ED300E23828 /* LavadoRopa */,
				8C7C38A11D80608800E23828 /* LimpiezaHogar */,
				8C7C38A41D80641A00E23828 /* Cocina */,
				8C7C38A71D80664700E23828 /* LavadoAuto */,
				8C7C38AA1D806ABE00E23828 /* Jardines */,
				8C7C38AD1D80780F00E23828 /* Alberca */,
				8C7C38B01D80790100E23828 /* Alimentacion */,
				8C7C38B31D807EC700E23828 /* Resumen */,
				8C7C38B61D80858200E23828 /* Datos */,
				8CAD3C6D1D66AD050091FDC0 /* HidricaCompletaController.swift */,
			);
			name = Hidrica;
			sourceTree = "<group>";
		};
		8C355E701D4C20DC000C25EF /* TabController */ = {
			isa = PBXGroup;
			children = (
				8C355E811D4C3155000C25EF /* ADPageControl.xib */,
				8C355E7B1D4C22BC000C25EF /* ADPageControl.h */,
				8C355E7C1D4C22BC000C25EF /* ADPageControl.m */,
				8C355E791D4C2287000C25EF /* Huella Ecológica-Bridging-Header.h */,
			);
			name = TabController;
			sourceTree = "<group>";
		};
		8C355E851D4C464B000C25EF /* Hidrica */ = {
			isa = PBXGroup;
			children = (
				8C812C0A1D7D5F2A0044C660 /* Datos */,
				8C812BF51D7D45070044C660 /* Informacion */,
				8C812BF61D7D450E0044C660 /* Regadera */,
				8C812BF71D7D45150044C660 /* AseoPersonal */,
				8C812BF81D7D45200044C660 /* Sanitario */,
				8C812BF91D7D452D0044C660 /* LavadoRopa */,
				8C812BFA1D7D45360044C660 /* Alimentacion */,
				8C812C071D7D4F5A0044C660 /* Resumen */,
				8C355E861D4C467B000C25EF /* HidricaInicioLigeraController.swift */,
			);
			name = Hidrica;
			sourceTree = "<group>";
		};
		8C444CEC1D4D4C0C00BB5E37 /* Electricidad */ = {
			isa = PBXGroup;
			children = (
				8C444CED1D4D4C2A00BB5E37 /* ElectricidadLigeraViewController.swift */,
			);
			name = Electricidad;
			sourceTree = "<group>";
		};
		8C7C38891D7F806400E23828 /* AguaLluvias */ = {
			isa = PBXGroup;
			children = (
				8C7C388A1D7F807C00E23828 /* AguaLluviasController.swift */,
			);
			name = AguaLluvias;
			sourceTree = "<group>";
		};
		8C7C388C1D7F845700E23828 /* AguaEmbotellada */ = {
			isa = PBXGroup;
			children = (
				8C7C388D1D7F848A00E23828 /* AguaEmbotellada.swift */,
			);
			name = AguaEmbotellada;
			sourceTree = "<group>";
		};
		8C7C388F1D7F856900E23828 /* Regadera */ = {
			isa = PBXGroup;
			children = (
				8C7C38901D7F857F00E23828 /* Regadera.swift */,
			);
			name = Regadera;
			sourceTree = "<group>";
		};
		8C7C38921D7F89FD00E23828 /* Jacuzzi */ = {
			isa = PBXGroup;
			children = (
				8C7C38931D7F8A0F00E23828 /* Jacuzzi.swift */,
			);
			name = Jacuzzi;
			sourceTree = "<group>";
		};
		8C7C38951D7F8A8B00E23828 /* Baldes */ = {
			isa = PBXGroup;
			children = (
				8C7C38961D7F8A9C00E23828 /* Baldes.swift */,
			);
			name = Baldes;
			sourceTree = "<group>";
		};
		8C7C38981D7F8B5400E23828 /* HiguienePersonal */ = {
			isa = PBXGroup;
			children = (
				8C7C38991D7F8B6600E23828 /* OtrasActividades.swift */,
			);
			name = HiguienePersonal;
			sourceTree = "<group>";
		};
		8C7C389B1D7F8D0C00E23828 /* Sanitario */ = {
			isa = PBXGroup;
			children = (
				8C7C389C1D7F8D1E00E23828 /* Sanitario.swift */,
			);
			name = Sanitario;
			sourceTree = "<group>";
		};
		8C7C389E1D7F8ED300E23828 /* LavadoRopa */ = {
			isa = PBXGroup;
			children = (
				8C7C389F1D7F8F5300E23828 /* LavadoRopa.swift */,
			);
			name = LavadoRopa;
			sourceTree = "<group>";
		};
		8C7C38A11D80608800E23828 /* LimpiezaHogar */ = {
			isa = PBXGroup;
			children = (
				8C7C38A21D80609C00E23828 /* LimpiezaHogar.swift */,
			);
			name = LimpiezaHogar;
			sourceTree = "<group>";
		};
		8C7C38A41D80641A00E23828 /* Cocina */ = {
			isa = PBXGroup;
			children = (
				8C7C38A51D80642F00E23828 /* Cocina.swift */,
			);
			name = Cocina;
			sourceTree = "<group>";
		};
		8C7C38A71D80664700E23828 /* LavadoAuto */ = {
			isa = PBXGroup;
			children = (
				8C7C38A81D80665800E23828 /* LavadoAuto.swift */,
			);
			name = LavadoAuto;
			sourceTree = "<group>";
		};
		8C7C38AA1D806ABE00E23828 /* Jardines */ = {
			isa = PBXGroup;
			children = (
				8C7C38AB1D806AD600E23828 /* Jardin.swift */,
			);
			name = Jardines;
			sourceTree = "<group>";
		};
		8C7C38AD1D80780F00E23828 /* Alberca */ = {
			isa = PBXGroup;
			children = (
				8C7C38AE1D80782300E23828 /* Alberca.swift */,
			);
			name = Alberca;
			sourceTree = "<group>";
		};
		8C7C38B01D80790100E23828 /* Alimentacion */ = {
			isa = PBXGroup;
			children = (
				8C7C38B11D80791D00E23828 /* Consumo.swift */,
			);
			name = Alimentacion;
			sourceTree = "<group>";
		};
		8C7C38B31D807EC700E23828 /* Resumen */ = {
			isa = PBXGroup;
			children = (
				8C7C38B41D807EE400E23828 /* ResumenHidricaCompleta.swift */,
			);
			name = Resumen;
			sourceTree = "<group>";
		};
		8C7C38B61D80858200E23828 /* Datos */ = {
			isa = PBXGroup;
			children = (
				8C7C38B71D80859E00E23828 /* DatosHidricaCompleta.swift */,
				8C7C38B91D8085CC00E23828 /* HCInformacion.swift */,
				8C7C38BB1D8085E600E23828 /* HCAguaLluvias.swift */,
				8C7C38BD1D8085F900E23828 /* HCAguaEmbotellada.swift */,
				8C7C38BF1D80860B00E23828 /* HCRegadera.swift */,
				8C7C38C11D80861F00E23828 /* HCJacuzzi.swift */,
				8C7C38C31D80863200E23828 /* HCBaldes.swift */,
				8C7C38C51D80864C00E23828 /* HCHiguienePersonal.swift */,
				8C7C38C71D80865C00E23828 /* HCSanitario.swift */,
				8C7C38C91D80873400E23828 /* HCLavadoRopa.swift */,
				8C7C38CB1D80874500E23828 /* HCLimpiezaHogar.swift */,
				8C7C38CD1D80875600E23828 /* HCCocina.swift */,
				8C7C38CF1D80876E00E23828 /* HCLavadoAuto.swift */,
				8C7C38D11D80878100E23828 /* HCJardines.swift */,
				8C7C38D31D80879100E23828 /* HCAlberca.swift */,
				8C7C38D51D8087AE00E23828 /* HCAlimentacion.swift */,
			);
			name = Datos;
			sourceTree = "<group>";
		};
		8C812BF51D7D45070044C660 /* Informacion */ = {
			isa = PBXGroup;
			children = (
				8C812BFB1D7D454F0044C660 /* InformacionHidricaLigera.swift */,
			);
			name = Informacion;
			sourceTree = "<group>";
		};
		8C812BF61D7D450E0044C660 /* Regadera */ = {
			isa = PBXGroup;
			children = (
				8C812BFD1D7D47970044C660 /* RegaderaHidricaLigeraController.swift */,
			);
			name = Regadera;
			sourceTree = "<group>";
		};
		8C812BF71D7D45150044C660 /* AseoPersonal */ = {
			isa = PBXGroup;
			children = (
				8C812BFF1D7D48AD0044C660 /* AseoPersonalLigeraController.swift */,
			);
			name = AseoPersonal;
			sourceTree = "<group>";
		};
		8C812BF81D7D45200044C660 /* Sanitario */ = {
			isa = PBXGroup;
			children = (
				8C812C011D7D4A2A0044C660 /* SanitarioLigeraController.swift */,
			);
			name = Sanitario;
			sourceTree = "<group>";
		};
		8C812BF91D7D452D0044C660 /* LavadoRopa */ = {
			isa = PBXGroup;
			children = (
				8C812C031D7D4AFE0044C660 /* LavadoRopaLigeraController.swift */,
			);
			name = LavadoRopa;
			sourceTree = "<group>";
		};
		8C812BFA1D7D45360044C660 /* Alimentacion */ = {
			isa = PBXGroup;
			children = (
				8C812C051D7D4C320044C660 /* AlimentacionLigeraController.swift */,
			);
			name = Alimentacion;
			sourceTree = "<group>";
		};
		8C812C071D7D4F5A0044C660 /* Resumen */ = {
			isa = PBXGroup;
			children = (
				8C812C081D7D4F6B0044C660 /* ResumenHidricaLigera.swift */,
			);
			name = Resumen;
			sourceTree = "<group>";
		};
		8C812C0A1D7D5F2A0044C660 /* Datos */ = {
			isa = PBXGroup;
			children = (
				8C812C171D7D621F0044C660 /* DatosHidricaLigera.swift */,
				8C812C0B1D7D5F410044C660 /* HLInformacion.swift */,
				8C812C0D1D7D5FC00044C660 /* HLRegadera.swift */,
				8C812C0F1D7D600E0044C660 /* HLAseoPersonal.swift */,
				8C812C111D7D606D0044C660 /* HLSanitario.swift */,
				8C812C131D7D61510044C660 /* HLLavadoRopa.swift */,
				8C812C151D7D61900044C660 /* HLAlimentacion.swift */,
			);
			name = Datos;
			sourceTree = "<group>";
		};
		8C812C191D7D6D1A0044C660 /* Datos */ = {
			isa = PBXGroup;
			children = (
				8C812C1A1D7D6D290044C660 /* DatosCarbonoLigera.swift */,
				8C812C1C1D7D6D460044C660 /* CLInformacion.swift */,
				8C812C1E1D7D6D610044C660 /* CLComustible.swift */,
				8C812C201D7D6D7A0044C660 /* CLElectricidad.swift */,
				8C812C221D7D6D8B0044C660 /* CLTransporte.swift */,
				8C812C241D7D6D9F0044C660 /* CLViajes.swift */,
				8C812C261D7D6DAE0044C660 /* CLIngreso.swift */,
			);
			name = Datos;
			sourceTree = "<group>";
		};
		8CA456F81D4D455B003614DE /* Informacion */ = {
			isa = PBXGroup;
			children = (
				8CA456F91D4D4586003614DE /* InformacionCarbonoLigeraViewController.swift */,
			);
			name = Informacion;
			sourceTree = "<group>";
		};
		8CA456FB1D4D4743003614DE /* Combustible */ = {
			isa = PBXGroup;
			children = (
				8CA456FC1D4D4766003614DE /* CombustibleLigeraViewController.swift */,
			);
			name = Combustible;
			sourceTree = "<group>";
		};
		8CAD3C791D69B2C30091FDC0 /* Transporte */ = {
			isa = PBXGroup;
			children = (
				8CAD3C7A1D69B2E30091FDC0 /* TransporteLigeraController.swift */,
			);
			name = Transporte;
			sourceTree = "<group>";
		};
		8CAD3C7E1D69BA8B0091FDC0 /* Viajes */ = {
			isa = PBXGroup;
			children = (
				8CAD3C811D69BBDC0091FDC0 /* ViajesController.swift */,
			);
			name = Viajes;
			sourceTree = "<group>";
		};
		8CAD3C831D69C4F50091FDC0 /* Ingreso */ = {
			isa = PBXGroup;
			children = (
				8CAD3C841D69C5180091FDC0 /* Ingreso.swift */,
			);
			name = Ingreso;
			sourceTree = "<group>";
		};
		8CAD3C861D6B92B50091FDC0 /* Informacion */ = {
			isa = PBXGroup;
			children = (
				8CAD3C871D6B92D30091FDC0 /* InformacionCarbonoCompletaController.swift */,
			);
			name = Informacion;
			sourceTree = "<group>";
		};
		8CAD3C891D6B95EA0091FDC0 /* Emisiones */ = {
			isa = PBXGroup;
			children = (
				8CAD3C8A1D6B96070091FDC0 /* EmisionesCarbonoCompletaController.swift */,
			);
			name = Emisiones;
			sourceTree = "<group>";
		};
		8CAD3C8C1D6B9D210091FDC0 /* Electricidad */ = {
			isa = PBXGroup;
			children = (
				8CAD3C8D1D6B9D390091FDC0 /* ElectricidadCarbonoCompletaController.swift */,
			);
			name = Electricidad;
			sourceTree = "<group>";
		};
		8CAD3C8F1D6B9F330091FDC0 /* Agua */ = {
			isa = PBXGroup;
			children = (
				8CAD3C901D6B9F4A0091FDC0 /* AguaCarbonoCompletaController.swift */,
			);
			name = Agua;
			sourceTree = "<group>";
		};
		8CAD3C921D6BA1070091FDC0 /* ViajesEstado */ = {
			isa = PBXGroup;
			children = (
				8CAD3C931D6BA1230091FDC0 /* ViajesEstadoCarbonoCompletaController.swift */,
			);
			name = ViajesEstado;
			sourceTree = "<group>";
		};
		8CAD3CD11D6E216C0091FDC0 /* ViajesPais */ = {
			isa = PBXGroup;
			children = (
				8CAD3CD21D6E219C0091FDC0 /* ViajesPaisCarbonoCompletaController.swift */,
			);
			name = ViajesPais;
			sourceTree = "<group>";
		};
		8CAD3CD41D6E27030091FDC0 /* Transporte */ = {
			isa = PBXGroup;
			children = (
				8CAD3CD51D6E27200091FDC0 /* TransporteCarbonoCompletaController.swift */,
			);
			name = Transporte;
			sourceTree = "<group>";
		};
		8CAD3CD71D6E2B640091FDC0 /* ViajesFueraPais */ = {
			isa = PBXGroup;
			children = (
				8CAD3CD81D6E2B800091FDC0 /* ViajesFueraPaisCarbonoCompletaController.swift */,
			);
			name = ViajesFueraPais;
			sourceTree = "<group>";
		};
		8CAD3CDA1D6E2D5B0091FDC0 /* ViajesAereosNacionales */ = {
			isa = PBXGroup;
			children = (
				8CAD3CDB1D6E2D840091FDC0 /* ViajesAereosNacionalesCarbonoCompletaController.swift */,
			);
			name = ViajesAereosNacionales;
			sourceTree = "<group>";
		};
		8CAD3CDD1D6E2E580091FDC0 /* ViajesAereosInternacionales */ = {
			isa = PBXGroup;
			children = (
				8CAD3CDE1D6E2E840091FDC0 /* ViajesAereosInternacionalesCarbonoCompletaController.swift */,
			);
			name = ViajesAereosInternacionales;
			sourceTree = "<group>";
		};
		8CAD3CE01D6E2FA30091FDC0 /* Alimentacion */ = {
			isa = PBXGroup;
			children = (
				8CAD3CE11D6E2FB80091FDC0 /* AlimentacionCarbonoCompletaController.swift */,
			);
			name = Alimentacion;
			sourceTree = "<group>";
		};
		8CAD3CE31D6E30B40091FDC0 /* Ingreso */ = {
			isa = PBXGroup;
			children = (
				8CAD3CE41D6E30D70091FDC0 /* IngresoCarbonoCompletaController.swift */,
			);
			name = Ingreso;
			sourceTree = "<group>";
		};
		8CAD3CE61D6E32630091FDC0 /* AguaResidual */ = {
			isa = PBXGroup;
			children = (
				8CAD3CE71D6E32EE0091FDC0 /* AguaResidual.swift */,
			);
			name = AguaResidual;
			sourceTree = "<group>";
		};
		8CAD3CE91D6E3D740091FDC0 /* Carbono */ = {
			isa = PBXGroup;
			children = (
				8CAD3CEA1D6E3DA10091FDC0 /* Carbono.swift */,
			);
			name = Carbono;
			sourceTree = "<group>";
		};
		8CAD3CEC1D6E3F620091FDC0 /* Residuos */ = {
			isa = PBXGroup;
			children = (
				8CAD3CED1D6E3F750091FDC0 /* Residuos.swift */,
			);
			name = Residuos;
			sourceTree = "<group>";
		};
		8CAD3CEF1D6E42A80091FDC0 /* Mitigacion */ = {
			isa = PBXGroup;
			children = (
				8CAD3CF01D6E42BA0091FDC0 /* Mitigacion.swift */,
			);
			name = Mitigacion;
			sourceTree = "<group>";
		};
		8CFC15DB1D7D783C00A99C56 /* Resumen */ = {
			isa = PBXGroup;
			children = (
				8CFC15DC1D7D785300A99C56 /* ResumenCarbonoLigera.swift */,
			);
			name = Resumen;
			sourceTree = "<group>";
		};
		8CFC16741D7F69FB00A99C56 /* Informacion */ = {
			isa = PBXGroup;
			children = (
				8CFC16751D7F6A1900A99C56 /* InformacionHidricaCompletaController.swift */,
			);
			name = Informacion;
			sourceTree = "<group>";
		};
/* End PBXGroup section */

/* Begin PBXNativeTarget section */
		8C0A41641D4AAA4100AE6F7E /* Huella Ecológica */ = {
			isa = PBXNativeTarget;
			buildConfigurationList = 8C0A418D1D4AAA4100AE6F7E /* Build configuration list for PBXNativeTarget "Huella Ecológica" */;
			buildPhases = (
				8C0A41611D4AAA4100AE6F7E /* Sources */,
				8C0A41621D4AAA4100AE6F7E /* Frameworks */,
				8C0A41631D4AAA4100AE6F7E /* Resources */,
			);
			buildRules = (
			);
			dependencies = (
			);
			name = "Huella Ecológica";
			productName = "Huella Ecológica";
			productReference = 8C0A41651D4AAA4100AE6F7E /* Huella Ecológica.app */;
			productType = "com.apple.product-type.application";
		};
		8C0A41781D4AAA4100AE6F7E /* Huella EcológicaTests */ = {
			isa = PBXNativeTarget;
			buildConfigurationList = 8C0A41901D4AAA4100AE6F7E /* Build configuration list for PBXNativeTarget "Huella EcológicaTests" */;
			buildPhases = (
				8C0A41751D4AAA4100AE6F7E /* Sources */,
				8C0A41761D4AAA4100AE6F7E /* Frameworks */,
				8C0A41771D4AAA4100AE6F7E /* Resources */,
			);
			buildRules = (
			);
			dependencies = (
				8C0A417B1D4AAA4100AE6F7E /* PBXTargetDependency */,
			);
			name = "Huella EcológicaTests";
			productName = "Huella EcológicaTests";
			productReference = 8C0A41791D4AAA4100AE6F7E /* Huella EcológicaTests.xctest */;
			productType = "com.apple.product-type.bundle.unit-test";
		};
		8C0A41831D4AAA4100AE6F7E /* Huella EcológicaUITests */ = {
			isa = PBXNativeTarget;
			buildConfigurationList = 8C0A41931D4AAA4100AE6F7E /* Build configuration list for PBXNativeTarget "Huella EcológicaUITests" */;
			buildPhases = (
				8C0A41801D4AAA4100AE6F7E /* Sources */,
				8C0A41811D4AAA4100AE6F7E /* Frameworks */,
				8C0A41821D4AAA4100AE6F7E /* Resources */,
			);
			buildRules = (
			);
			dependencies = (
				8C0A41861D4AAA4100AE6F7E /* PBXTargetDependency */,
			);
			name = "Huella EcológicaUITests";
			productName = "Huella EcológicaUITests";
			productReference = 8C0A41841D4AAA4100AE6F7E /* Huella EcológicaUITests.xctest */;
			productType = "com.apple.product-type.bundle.ui-testing";
		};
/* End PBXNativeTarget section */

/* Begin PBXProject section */
		8C0A415D1D4AAA4000AE6F7E /* Project object */ = {
			isa = PBXProject;
			attributes = {
				LastSwiftUpdateCheck = 0730;
				LastUpgradeCheck = 0730;
				ORGANIZATIONNAME = "Ricardo Rodriguez Haro";
				TargetAttributes = {
					8C0A41641D4AAA4100AE6F7E = {
						CreatedOnToolsVersion = 7.3.1;
						DevelopmentTeam = KQW9PQ8LNW;
					};
					8C0A41781D4AAA4100AE6F7E = {
						CreatedOnToolsVersion = 7.3.1;
						TestTargetID = 8C0A41641D4AAA4100AE6F7E;
					};
					8C0A41831D4AAA4100AE6F7E = {
						CreatedOnToolsVersion = 7.3.1;
						TestTargetID = 8C0A41641D4AAA4100AE6F7E;
					};
				};
			};
			buildConfigurationList = 8C0A41601D4AAA4000AE6F7E /* Build configuration list for PBXProject "Huella Ecológica" */;
			compatibilityVersion = "Xcode 3.2";
			developmentRegion = English;
			hasScannedForEncodings = 0;
			knownRegions = (
				en,
				Base,
			);
			mainGroup = 8C0A415C1D4AAA4000AE6F7E;
			productRefGroup = 8C0A41661D4AAA4100AE6F7E /* Products */;
			projectDirPath = "";
			projectRoot = "";
			targets = (
				8C0A41641D4AAA4100AE6F7E /* Huella Ecológica */,
				8C0A41781D4AAA4100AE6F7E /* Huella EcológicaTests */,
				8C0A41831D4AAA4100AE6F7E /* Huella EcológicaUITests */,
			);
		};
/* End PBXProject section */

/* Begin PBXResourcesBuildPhase section */
		8C0A41631D4AAA4100AE6F7E /* Resources */ = {
			isa = PBXResourcesBuildPhase;
			buildActionMask = 2147483647;
			files = (
				8C355E891D4C4C4D000C25EF /* CarbonoCompleta.storyboard in Resources */,
				8C0A41731D4AAA4100AE6F7E /* LaunchScreen.storyboard in Resources */,
				8C355E8B1D4C4C64000C25EF /* HidricaCompleta.storyboard in Resources */,
				8C355E841D4C463B000C25EF /* HidricaLigera.storyboard in Resources */,
				8C0A41701D4AAA4100AE6F7E /* Assets.xcassets in Resources */,
				8C355E821D4C3155000C25EF /* ADPageControl.xib in Resources */,
				8C0A41971D4AB1EF00AE6F7E /* CarbonoLigera.storyboard in Resources */,
				8C0A416E1D4AAA4100AE6F7E /* Main.storyboard in Resources */,
			);
			runOnlyForDeploymentPostprocessing = 0;
		};
		8C0A41771D4AAA4100AE6F7E /* Resources */ = {
			isa = PBXResourcesBuildPhase;
			buildActionMask = 2147483647;
			files = (
			);
			runOnlyForDeploymentPostprocessing = 0;
		};
		8C0A41821D4AAA4100AE6F7E /* Resources */ = {
			isa = PBXResourcesBuildPhase;
			buildActionMask = 2147483647;
			files = (
			);
			runOnlyForDeploymentPostprocessing = 0;
		};
/* End PBXResourcesBuildPhase section */

/* Begin PBXSourcesBuildPhase section */
		8C0A41611D4AAA4100AE6F7E /* Sources */ = {
			isa = PBXSourcesBuildPhase;
			buildActionMask = 2147483647;
			files = (
				8CAD3CD31D6E219C0091FDC0 /* ViajesPaisCarbonoCompletaController.swift in Sources */,
				8C7C38B81D80859E00E23828 /* DatosHidricaCompleta.swift in Sources */,
				8C812C061D7D4C320044C660 /* AlimentacionLigeraController.swift in Sources */,
				8C355E7D1D4C22BC000C25EF /* ADPageControl.m in Sources */,
				8C7C38C01D80860B00E23828 /* HCRegadera.swift in Sources */,
				8C812C121D7D606D0044C660 /* HLSanitario.swift in Sources */,
				8C7C38911D7F857F00E23828 /* Regadera.swift in Sources */,
				8C812C001D7D48AD0044C660 /* AseoPersonalLigeraController.swift in Sources */,
				8C2EE7D61D62DAE0000A7DC2 /* CarbonoCompletaController.swift in Sources */,
				8C7C38CA1D80873400E23828 /* HCLavadoRopa.swift in Sources */,
				8C7C38B51D807EE400E23828 /* ResumenHidricaCompleta.swift in Sources */,
				8C444CEE1D4D4C2A00BB5E37 /* ElectricidadLigeraViewController.swift in Sources */,
				8CAD3C851D69C5180091FDC0 /* Ingreso.swift in Sources */,
				8CAD3CD61D6E27200091FDC0 /* TransporteCarbonoCompletaController.swift in Sources */,
				8C7C38C21D80861F00E23828 /* HCJacuzzi.swift in Sources */,
				8CFC16761D7F6A1900A99C56 /* InformacionHidricaCompletaController.swift in Sources */,
				8C812C041D7D4AFE0044C660 /* LavadoRopaLigeraController.swift in Sources */,
				8C812C091D7D4F6B0044C660 /* ResumenHidricaLigera.swift in Sources */,
				8CAD3CD91D6E2B800091FDC0 /* ViajesFueraPaisCarbonoCompletaController.swift in Sources */,
				8C812BFE1D7D47970044C660 /* RegaderaHidricaLigeraController.swift in Sources */,
				8C812C271D7D6DAE0044C660 /* CLIngreso.swift in Sources */,
				8CAD3CE51D6E30D70091FDC0 /* IngresoCarbonoCompletaController.swift in Sources */,
				8CA456FA1D4D4586003614DE /* InformacionCarbonoLigeraViewController.swift in Sources */,
				8C812BFC1D7D454F0044C660 /* InformacionHidricaLigera.swift in Sources */,
				8CAD3CDC1D6E2D840091FDC0 /* ViajesAereosNacionalesCarbonoCompletaController.swift in Sources */,
				8C7C38971D7F8A9C00E23828 /* Baldes.swift in Sources */,
				8C7C38D01D80876E00E23828 /* HCLavadoAuto.swift in Sources */,
				8CAD3C911D6B9F4A0091FDC0 /* AguaCarbonoCompletaController.swift in Sources */,
				8C7C388B1D7F807C00E23828 /* AguaLluviasController.swift in Sources */,
				8C812C1B1D7D6D290044C660 /* DatosCarbonoLigera.swift in Sources */,
				8CFC15DD1D7D785300A99C56 /* ResumenCarbonoLigera.swift in Sources */,
				8C7C389A1D7F8B6600E23828 /* OtrasActividades.swift in Sources */,
				8C812C0C1D7D5F410044C660 /* HLInformacion.swift in Sources */,
				8C7C38BE1D8085F900E23828 /* HCAguaEmbotellada.swift in Sources */,
				8C7C38CE1D80875600E23828 /* HCCocina.swift in Sources */,
				8C7C38A91D80665800E23828 /* LavadoAuto.swift in Sources */,
				8C7C38A01D7F8F5300E23828 /* LavadoRopa.swift in Sources */,
				8CAD3CE21D6E2FB80091FDC0 /* AlimentacionCarbonoCompletaController.swift in Sources */,
				8C7C38AC1D806AD600E23828 /* Jardin.swift in Sources */,
				8CAD3CDF1D6E2E840091FDC0 /* ViajesAereosInternacionalesCarbonoCompletaController.swift in Sources */,
				8C0A41A01D4AB5B200AE6F7E /* CarbonoInicioLigeraController.swift in Sources */,
				8C7C38D41D80879100E23828 /* HCAlberca.swift in Sources */,
				8C812C181D7D621F0044C660 /* DatosHidricaLigera.swift in Sources */,
				8C812C251D7D6D9F0044C660 /* CLViajes.swift in Sources */,
				8C7C38C61D80864C00E23828 /* HCHiguienePersonal.swift in Sources */,
				8C7C38C41D80863200E23828 /* HCBaldes.swift in Sources */,
				8CA456FD1D4D4766003614DE /* CombustibleLigeraViewController.swift in Sources */,
				8CAD3C941D6BA1230091FDC0 /* ViajesEstadoCarbonoCompletaController.swift in Sources */,
				8CAD3C8E1D6B9D390091FDC0 /* ElectricidadCarbonoCompletaController.swift in Sources */,
				8C812C211D7D6D7A0044C660 /* CLElectricidad.swift in Sources */,
				8C7C38C81D80865C00E23828 /* HCSanitario.swift in Sources */,
				8C7C38D21D80878100E23828 /* HCJardines.swift in Sources */,
				8C812C021D7D4A2A0044C660 /* SanitarioLigeraController.swift in Sources */,
				8C355E871D4C467B000C25EF /* HidricaInicioLigeraController.swift in Sources */,
				8C7C38D61D8087AE00E23828 /* HCAlimentacion.swift in Sources */,
				8CAD3C881D6B92D30091FDC0 /* InformacionCarbonoCompletaController.swift in Sources */,
				8CAD3CF11D6E42BA0091FDC0 /* Mitigacion.swift in Sources */,
				8C7C389D1D7F8D1E00E23828 /* Sanitario.swift in Sources */,
				8C7C38BC1D8085E600E23828 /* HCAguaLluvias.swift in Sources */,
				8C7C38BA1D8085CC00E23828 /* HCInformacion.swift in Sources */,
				8CAD3C7D1D69B6FF0091FDC0 /* Extensions.swift in Sources */,
				8C812C161D7D61900044C660 /* HLAlimentacion.swift in Sources */,
				8CAD3CEB1D6E3DA10091FDC0 /* Carbono.swift in Sources */,
				8C812C0E1D7D5FC00044C660 /* HLRegadera.swift in Sources */,
				8C812C101D7D600E0044C660 /* HLAseoPersonal.swift in Sources */,
				8C7C38941D7F8A0F00E23828 /* Jacuzzi.swift in Sources */,
				8C7C38A61D80642F00E23828 /* Cocina.swift in Sources */,
				8C7C38A31D80609C00E23828 /* LimpiezaHogar.swift in Sources */,
				8CAD3C6E1D66AD050091FDC0 /* HidricaCompletaController.swift in Sources */,
				8C0A416B1D4AAA4100AE6F7E /* ViewController.swift in Sources */,
				8C7C38CC1D80874500E23828 /* HCLimpiezaHogar.swift in Sources */,
				8C7C38B21D80791D00E23828 /* Consumo.swift in Sources */,
				8C812C1F1D7D6D610044C660 /* CLComustible.swift in Sources */,
				8C812C1D1D7D6D460044C660 /* CLInformacion.swift in Sources */,
				8CAD3CE81D6E32EE0091FDC0 /* AguaResidual.swift in Sources */,
				8CAD3C8B1D6B96070091FDC0 /* EmisionesCarbonoCompletaController.swift in Sources */,
				8C812C231D7D6D8B0044C660 /* CLTransporte.swift in Sources */,
				8CAD3C821D69BBDC0091FDC0 /* ViajesController.swift in Sources */,
				8C7C38AF1D80782300E23828 /* Alberca.swift in Sources */,
				8C812C141D7D61510044C660 /* HLLavadoRopa.swift in Sources */,
				8C0A41691D4AAA4100AE6F7E /* AppDelegate.swift in Sources */,
				8CAD3C7B1D69B2E30091FDC0 /* TransporteLigeraController.swift in Sources */,
				8CAD3CEE1D6E3F750091FDC0 /* Residuos.swift in Sources */,
				8C7C388E1D7F848A00E23828 /* AguaEmbotellada.swift in Sources */,
			);
			runOnlyForDeploymentPostprocessing = 0;
		};
		8C0A41751D4AAA4100AE6F7E /* Sources */ = {
			isa = PBXSourcesBuildPhase;
			buildActionMask = 2147483647;
			files = (
				8C0A417E1D4AAA4100AE6F7E /* Huella_Ecolo_gicaTests.swift in Sources */,
			);
			runOnlyForDeploymentPostprocessing = 0;
		};
		8C0A41801D4AAA4100AE6F7E /* Sources */ = {
			isa = PBXSourcesBuildPhase;
			buildActionMask = 2147483647;
			files = (
				8C0A41891D4AAA4100AE6F7E /* Huella_Ecolo_gicaUITests.swift in Sources */,
			);
			runOnlyForDeploymentPostprocessing = 0;
		};
/* End PBXSourcesBuildPhase section */

/* Begin PBXTargetDependency section */
		8C0A417B1D4AAA4100AE6F7E /* PBXTargetDependency */ = {
			isa = PBXTargetDependency;
			target = 8C0A41641D4AAA4100AE6F7E /* Huella Ecológica */;
			targetProxy = 8C0A417A1D4AAA4100AE6F7E /* PBXContainerItemProxy */;
		};
		8C0A41861D4AAA4100AE6F7E /* PBXTargetDependency */ = {
			isa = PBXTargetDependency;
			target = 8C0A41641D4AAA4100AE6F7E /* Huella Ecológica */;
			targetProxy = 8C0A41851D4AAA4100AE6F7E /* PBXContainerItemProxy */;
		};
/* End PBXTargetDependency section */

/* Begin PBXVariantGroup section */
		8C0A416C1D4AAA4100AE6F7E /* Main.storyboard */ = {
			isa = PBXVariantGroup;
			children = (
				8C0A416D1D4AAA4100AE6F7E /* Base */,
			);
			name = Main.storyboard;
			sourceTree = "<group>";
		};
		8C0A41711D4AAA4100AE6F7E /* LaunchScreen.storyboard */ = {
			isa = PBXVariantGroup;
			children = (
				8C0A41721D4AAA4100AE6F7E /* Base */,
			);
			name = LaunchScreen.storyboard;
			sourceTree = "<group>";
		};
/* End PBXVariantGroup section */

/* Begin XCBuildConfiguration section */
		8C0A418B1D4AAA4100AE6F7E /* Debug */ = {
			isa = XCBuildConfiguration;
			buildSettings = {
				ALWAYS_SEARCH_USER_PATHS = NO;
				CLANG_ANALYZER_NONNULL = YES;
				CLANG_CXX_LANGUAGE_STANDARD = "gnu++0x";
				CLANG_CXX_LIBRARY = "libc++";
				CLANG_ENABLE_MODULES = YES;
				CLANG_ENABLE_OBJC_ARC = YES;
				CLANG_WARN_BOOL_CONVERSION = YES;
				CLANG_WARN_CONSTANT_CONVERSION = YES;
				CLANG_WARN_DIRECT_OBJC_ISA_USAGE = YES_ERROR;
				CLANG_WARN_EMPTY_BODY = YES;
				CLANG_WARN_ENUM_CONVERSION = YES;
				CLANG_WARN_INT_CONVERSION = YES;
				CLANG_WARN_OBJC_ROOT_CLASS = YES_ERROR;
				CLANG_WARN_UNREACHABLE_CODE = YES;
				CLANG_WARN__DUPLICATE_METHOD_MATCH = YES;
				"CODE_SIGN_IDENTITY[sdk=iphoneos*]" = "iPhone Developer";
				COPY_PHASE_STRIP = NO;
				DEBUG_INFORMATION_FORMAT = dwarf;
				ENABLE_STRICT_OBJC_MSGSEND = YES;
				ENABLE_TESTABILITY = YES;
				GCC_C_LANGUAGE_STANDARD = gnu99;
				GCC_DYNAMIC_NO_PIC = NO;
				GCC_NO_COMMON_BLOCKS = YES;
				GCC_OPTIMIZATION_LEVEL = 0;
				GCC_PREPROCESSOR_DEFINITIONS = (
					"DEBUG=1",
					"$(inherited)",
				);
				GCC_WARN_64_TO_32_BIT_CONVERSION = YES;
				GCC_WARN_ABOUT_RETURN_TYPE = YES_ERROR;
				GCC_WARN_UNDECLARED_SELECTOR = YES;
				GCC_WARN_UNINITIALIZED_AUTOS = YES_AGGRESSIVE;
				GCC_WARN_UNUSED_FUNCTION = YES;
				GCC_WARN_UNUSED_VARIABLE = YES;
				IPHONEOS_DEPLOYMENT_TARGET = 9.3;
				MTL_ENABLE_DEBUG_INFO = YES;
				ONLY_ACTIVE_ARCH = YES;
				SDKROOT = iphoneos;
				SWIFT_OPTIMIZATION_LEVEL = "-Onone";
				TARGETED_DEVICE_FAMILY = "1,2";
			};
			name = Debug;
		};
		8C0A418C1D4AAA4100AE6F7E /* Release */ = {
			isa = XCBuildConfiguration;
			buildSettings = {
				ALWAYS_SEARCH_USER_PATHS = NO;
				CLANG_ANALYZER_NONNULL = YES;
				CLANG_CXX_LANGUAGE_STANDARD = "gnu++0x";
				CLANG_CXX_LIBRARY = "libc++";
				CLANG_ENABLE_MODULES = YES;
				CLANG_ENABLE_OBJC_ARC = YES;
				CLANG_WARN_BOOL_CONVERSION = YES;
				CLANG_WARN_CONSTANT_CONVERSION = YES;
				CLANG_WARN_DIRECT_OBJC_ISA_USAGE = YES_ERROR;
				CLANG_WARN_EMPTY_BODY = YES;
				CLANG_WARN_ENUM_CONVERSION = YES;
				CLANG_WARN_INT_CONVERSION = YES;
				CLANG_WARN_OBJC_ROOT_CLASS = YES_ERROR;
				CLANG_WARN_UNREACHABLE_CODE = YES;
				CLANG_WARN__DUPLICATE_METHOD_MATCH = YES;
				"CODE_SIGN_IDENTITY[sdk=iphoneos*]" = "iPhone Developer";
				COPY_PHASE_STRIP = NO;
				DEBUG_INFORMATION_FORMAT = "dwarf-with-dsym";
				ENABLE_NS_ASSERTIONS = NO;
				ENABLE_STRICT_OBJC_MSGSEND = YES;
				GCC_C_LANGUAGE_STANDARD = gnu99;
				GCC_NO_COMMON_BLOCKS = YES;
				GCC_WARN_64_TO_32_BIT_CONVERSION = YES;
				GCC_WARN_ABOUT_RETURN_TYPE = YES_ERROR;
				GCC_WARN_UNDECLARED_SELECTOR = YES;
				GCC_WARN_UNINITIALIZED_AUTOS = YES_AGGRESSIVE;
				GCC_WARN_UNUSED_FUNCTION = YES;
				GCC_WARN_UNUSED_VARIABLE = YES;
				IPHONEOS_DEPLOYMENT_TARGET = 9.3;
				MTL_ENABLE_DEBUG_INFO = NO;
				SDKROOT = iphoneos;
				TARGETED_DEVICE_FAMILY = "1,2";
				VALIDATE_PRODUCT = YES;
			};
			name = Release;
		};
		8C0A418E1D4AAA4100AE6F7E /* Debug */ = {
			isa = XCBuildConfiguration;
			buildSettings = {
				ASSETCATALOG_COMPILER_APPICON_NAME = AppIcon;
				CLANG_ENABLE_MODULES = YES;
				CODE_SIGN_IDENTITY = "iPhone Developer";
				"CODE_SIGN_IDENTITY[sdk=iphoneos*]" = "iPhone Developer";
				INFOPLIST_FILE = "Huella Ecológica/Info.plist";
				LD_RUNPATH_SEARCH_PATHS = "$(inherited) @executable_path/Frameworks";
				PRODUCT_BUNDLE_IDENTIFIER = udg.mx.cucei.HuellaEcologica;
				PRODUCT_NAME = "$(TARGET_NAME)";
				PROVISIONING_PROFILE = "";
				SWIFT_OBJC_BRIDGING_HEADER = "Huella Ecológica/Huella Ecológica-Bridging-Header.h";
				SWIFT_OPTIMIZATION_LEVEL = "-Onone";
			};
			name = Debug;
		};
		8C0A418F1D4AAA4100AE6F7E /* Release */ = {
			isa = XCBuildConfiguration;
			buildSettings = {
				ASSETCATALOG_COMPILER_APPICON_NAME = AppIcon;
				CLANG_ENABLE_MODULES = YES;
				CODE_SIGN_IDENTITY = "iPhone Developer";
				"CODE_SIGN_IDENTITY[sdk=iphoneos*]" = "iPhone Developer";
				INFOPLIST_FILE = "Huella Ecológica/Info.plist";
				LD_RUNPATH_SEARCH_PATHS = "$(inherited) @executable_path/Frameworks";
				PRODUCT_BUNDLE_IDENTIFIER = udg.mx.cucei.HuellaEcologica;
				PRODUCT_NAME = "$(TARGET_NAME)";
				PROVISIONING_PROFILE = "";
				SWIFT_OBJC_BRIDGING_HEADER = "Huella Ecológica/Huella Ecológica-Bridging-Header.h";
			};
			name = Release;
		};
		8C0A41911D4AAA4100AE6F7E /* Debug */ = {
			isa = XCBuildConfiguration;
			buildSettings = {
				BUNDLE_LOADER = "$(TEST_HOST)";
				INFOPLIST_FILE = "Huella EcológicaTests/Info.plist";
				LD_RUNPATH_SEARCH_PATHS = "$(inherited) @executable_path/Frameworks @loader_path/Frameworks";
				PRODUCT_BUNDLE_IDENTIFIER = "udg.mx.cucei.Huella-Ecolo-gicaTests";
				PRODUCT_NAME = "$(TARGET_NAME)";
				TEST_HOST = "$(BUILT_PRODUCTS_DIR)/Huella Ecológica.app/Huella Ecológica";
			};
			name = Debug;
		};
		8C0A41921D4AAA4100AE6F7E /* Release */ = {
			isa = XCBuildConfiguration;
			buildSettings = {
				BUNDLE_LOADER = "$(TEST_HOST)";
				INFOPLIST_FILE = "Huella EcológicaTests/Info.plist";
				LD_RUNPATH_SEARCH_PATHS = "$(inherited) @executable_path/Frameworks @loader_path/Frameworks";
				PRODUCT_BUNDLE_IDENTIFIER = "udg.mx.cucei.Huella-Ecolo-gicaTests";
				PRODUCT_NAME = "$(TARGET_NAME)";
				TEST_HOST = "$(BUILT_PRODUCTS_DIR)/Huella Ecológica.app/Huella Ecológica";
			};
			name = Release;
		};
		8C0A41941D4AAA4100AE6F7E /* Debug */ = {
			isa = XCBuildConfiguration;
			buildSettings = {
				INFOPLIST_FILE = "Huella EcológicaUITests/Info.plist";
				LD_RUNPATH_SEARCH_PATHS = "$(inherited) @executable_path/Frameworks @loader_path/Frameworks";
				PRODUCT_BUNDLE_IDENTIFIER = "udg.mx.cucei.Huella-Ecolo-gicaUITests";
				PRODUCT_NAME = "$(TARGET_NAME)";
				TEST_TARGET_NAME = "Huella Ecológica";
			};
			name = Debug;
		};
		8C0A41951D4AAA4100AE6F7E /* Release */ = {
			isa = XCBuildConfiguration;
			buildSettings = {
				INFOPLIST_FILE = "Huella EcológicaUITests/Info.plist";
				LD_RUNPATH_SEARCH_PATHS = "$(inherited) @executable_path/Frameworks @loader_path/Frameworks";
				PRODUCT_BUNDLE_IDENTIFIER = "udg.mx.cucei.Huella-Ecolo-gicaUITests";
				PRODUCT_NAME = "$(TARGET_NAME)";
				TEST_TARGET_NAME = "Huella Ecológica";
			};
			name = Release;
		};
/* End XCBuildConfiguration section */

/* Begin XCConfigurationList section */
		8C0A41601D4AAA4000AE6F7E /* Build configuration list for PBXProject "Huella Ecológica" */ = {
			isa = XCConfigurationList;
			buildConfigurations = (
				8C0A418B1D4AAA4100AE6F7E /* Debug */,
				8C0A418C1D4AAA4100AE6F7E /* Release */,
			);
			defaultConfigurationIsVisible = 0;
			defaultConfigurationName = Release;
		};
		8C0A418D1D4AAA4100AE6F7E /* Build configuration list for PBXNativeTarget "Huella Ecológica" */ = {
			isa = XCConfigurationList;
			buildConfigurations = (
				8C0A418E1D4AAA4100AE6F7E /* Debug */,
				8C0A418F1D4AAA4100AE6F7E /* Release */,
			);
			defaultConfigurationIsVisible = 0;
			defaultConfigurationName = Release;
		};
		8C0A41901D4AAA4100AE6F7E /* Build configuration list for PBXNativeTarget "Huella EcológicaTests" */ = {
			isa = XCConfigurationList;
			buildConfigurations = (
				8C0A41911D4AAA4100AE6F7E /* Debug */,
				8C0A41921D4AAA4100AE6F7E /* Release */,
			);
			defaultConfigurationIsVisible = 0;
			defaultConfigurationName = Release;
		};
		8C0A41931D4AAA4100AE6F7E /* Build configuration list for PBXNativeTarget "Huella EcológicaUITests" */ = {
			isa = XCConfigurationList;
			buildConfigurations = (
				8C0A41941D4AAA4100AE6F7E /* Debug */,
				8C0A41951D4AAA4100AE6F7E /* Release */,
			);
			defaultConfigurationIsVisible = 0;
			defaultConfigurationName = Release;
		};
/* End XCConfigurationList section */
	};
	rootObject = 8C0A415D1D4AAA4000AE6F7E /* Project object */;
}
