// !$*UTF8*$!
{
	archiveVersion = 1;
	classes = {
	};
	objectVersion = 46;
	objects = {

/* Begin PBXBuildFile section */
		8C0A41691D4AAA4100AE6F7E /* AppDelegate.swift in Sources */ = {isa = PBXBuildFile; fileRef = 8C0A41681D4AAA4100AE6F7E /* AppDelegate.swift */; };
		8C0A416B1D4AAA4100AE6F7E /* ViewController.swift in Sources */ = {isa = PBXBuildFile; fileRef = 8C0A416A1D4AAA4100AE6F7E /* ViewController.swift */; };
		8C0A416E1D4AAA4100AE6F7E /* Main.storyboard in Resources */ = {isa = PBXBuildFile; fileRef = 8C0A416C1D4AAA4100AE6F7E /* Main.storyboard */; };
		8C0A41701D4AAA4100AE6F7E /* Assets.xcassets in Resources */ = {isa = PBXBuildFile; fileRef = 8C0A416F1D4AAA4100AE6F7E /* Assets.xcassets */; };
		8C0A41731D4AAA4100AE6F7E /* LaunchScreen.storyboard in Resources */ = {isa = PBXBuildFile; fileRef = 8C0A41711D4AAA4100AE6F7E /* LaunchScreen.storyboard */; };
		8C0A417E1D4AAA4100AE6F7E /* Huella_Ecolo_gicaTests.swift in Sources */ = {isa = PBXBuildFile; fileRef = 8C0A417D1D4AAA4100AE6F7E /* Huella_Ecolo_gicaTests.swift */; };
		8C0A41891D4AAA4100AE6F7E /* Huella_Ecolo_gicaUITests.swift in Sources */ = {isa = PBXBuildFile; fileRef = 8C0A41881D4AAA4100AE6F7E /* Huella_Ecolo_gicaUITests.swift */; };
/* End PBXBuildFile section */

/* Begin PBXContainerItemProxy section */
		8C0A417A1D4AAA4100AE6F7E /* PBXContainerItemProxy */ = {
			isa = PBXContainerItemProxy;
			containerPortal = 8C0A415D1D4AAA4000AE6F7E /* Project object */;
			proxyType = 1;
			remoteGlobalIDString = 8C0A41641D4AAA4100AE6F7E;
			remoteInfo = "Huella Ecológica";
		};
		8C0A41851D4AAA4100AE6F7E /* PBXContainerItemProxy */ = {
			isa = PBXContainerItemProxy;
			containerPortal = 8C0A415D1D4AAA4000AE6F7E /* Project object */;
			proxyType = 1;
			remoteGlobalIDString = 8C0A41641D4AAA4100AE6F7E;
			remoteInfo = "Huella Ecológica";
		};
/* End PBXContainerItemProxy section */

/* Begin PBXFileReference section */
		8C0A41651D4AAA4100AE6F7E /* Huella Ecológica.app */ = {isa = PBXFileReference; explicitFileType = wrapper.application; includeInIndex = 0; path = "Huella Ecológica.app"; sourceTree = BUILT_PRODUCTS_DIR; };
		8C0A41681D4AAA4100AE6F7E /* AppDelegate.swift */ = {isa = PBXFileReference; lastKnownFileType = sourcecode.swift; path = AppDelegate.swift; sourceTree = "<group>"; };
		8C0A416A1D4AAA4100AE6F7E /* ViewController.swift */ = {isa = PBXFileReference; lastKnownFileType = sourcecode.swift; path = ViewController.swift; sourceTree = "<group>"; };
		8C0A416D1D4AAA4100AE6F7E /* Base */ = {isa = PBXFileReference; lastKnownFileType = file.storyboard; name = Base; path = Base.lproj/Main.storyboard; sourceTree = "<group>"; };
		8C0A416F1D4AAA4100AE6F7E /* Assets.xcassets */ = {isa = PBXFileReference; lastKnownFileType = folder.assetcatalog; path = Assets.xcassets; sourceTree = "<group>"; };
		8C0A41721D4AAA4100AE6F7E /* Base */ = {isa = PBXFileReference; lastKnownFileType = file.storyboard; name = Base; path = Base.lproj/LaunchScreen.storyboard; sourceTree = "<group>"; };
		8C0A41741D4AAA4100AE6F7E /* Info.plist */ = {isa = PBXFileReference; lastKnownFileType = text.plist.xml; path = Info.plist; sourceTree = "<group>"; };
		8C0A41791D4AAA4100AE6F7E /* Huella EcológicaTests.xctest */ = {isa = PBXFileReference; explicitFileType = wrapper.cfbundle; includeInIndex = 0; path = "Huella EcológicaTests.xctest"; sourceTree = BUILT_PRODUCTS_DIR; };
		8C0A417D1D4AAA4100AE6F7E /* Huella_Ecolo_gicaTests.swift */ = {isa = PBXFileReference; lastKnownFileType = sourcecode.swift; path = Huella_Ecolo_gicaTests.swift; sourceTree = "<group>"; };
		8C0A417F1D4AAA4100AE6F7E /* Info.plist */ = {isa = PBXFileReference; lastKnownFileType = text.plist.xml; path = Info.plist; sourceTree = "<group>"; };
		8C0A41841D4AAA4100AE6F7E /* Huella EcológicaUITests.xctest */ = {isa = PBXFileReference; explicitFileType = wrapper.cfbundle; includeInIndex = 0; path = "Huella EcológicaUITests.xctest"; sourceTree = BUILT_PRODUCTS_DIR; };
		8C0A41881D4AAA4100AE6F7E /* Huella_Ecolo_gicaUITests.swift */ = {isa = PBXFileReference; lastKnownFileType = sourcecode.swift; path = Huella_Ecolo_gicaUITests.swift; sourceTree = "<group>"; };
		8C0A418A1D4AAA4100AE6F7E /* Info.plist */ = {isa = PBXFileReference; lastKnownFileType = text.plist.xml; path = Info.plist; sourceTree = "<group>"; };
/* End PBXFileReference section */

/* Begin PBXFrameworksBuildPhase section */
		8C0A41621D4AAA4100AE6F7E /* Frameworks */ = {
			isa = PBXFrameworksBuildPhase;
			buildActionMask = 2147483647;
			files = (
			);
			runOnlyForDeploymentPostprocessing = 0;
		};
		8C0A41761D4AAA4100AE6F7E /* Frameworks */ = {
			isa = PBXFrameworksBuildPhase;
			buildActionMask = 2147483647;
			files = (
			);
			runOnlyForDeploymentPostprocessing = 0;
		};
		8C0A41811D4AAA4100AE6F7E /* Frameworks */ = {
			isa = PBXFrameworksBuildPhase;
			buildActionMask = 2147483647;
			files = (
			);
			runOnlyForDeploymentPostprocessing = 0;
		};
/* End PBXFrameworksBuildPhase section */

/* Begin PBXGroup section */
		8C0A415C1D4AAA4000AE6F7E = {
			isa = PBXGroup;
			children = (
				8C0A41671D4AAA4100AE6F7E /* Huella Ecológica */,
				8C0A417C1D4AAA4100AE6F7E /* Huella EcológicaTests */,
				8C0A41871D4AAA4100AE6F7E /* Huella EcológicaUITests */,
				8C0A41661D4AAA4100AE6F7E /* Products */,
			);
			sourceTree = "<group>";
		};
		8C0A41661D4AAA4100AE6F7E /* Products */ = {
			isa = PBXGroup;
			children = (
				8C0A41651D4AAA4100AE6F7E /* Huella Ecológica.app */,
				8C0A41791D4AAA4100AE6F7E /* Huella EcológicaTests.xctest */,
				8C0A41841D4AAA4100AE6F7E /* Huella EcológicaUITests.xctest */,
			);
			name = Products;
			sourceTree = "<group>";
		};
		8C0A41671D4AAA4100AE6F7E /* Huella Ecológica */ = {
			isa = PBXGroup;
			children = (
				8C0A41681D4AAA4100AE6F7E /* AppDelegate.swift */,
				8C0A416A1D4AAA4100AE6F7E /* ViewController.swift */,
				8C0A416C1D4AAA4100AE6F7E /* Main.storyboard */,
				8C0A416F1D4AAA4100AE6F7E /* Assets.xcassets */,
				8C0A41711D4AAA4100AE6F7E /* LaunchScreen.storyboard */,
				8C0A41741D4AAA4100AE6F7E /* Info.plist */,
			);
			path = "Huella Ecológica";
			sourceTree = "<group>";
		};
		8C0A417C1D4AAA4100AE6F7E /* Huella EcológicaTests */ = {
			isa = PBXGroup;
			children = (
				8C0A417D1D4AAA4100AE6F7E /* Huella_Ecolo_gicaTests.swift */,
				8C0A417F1D4AAA4100AE6F7E /* Info.plist */,
			);
			path = "Huella EcológicaTests";
			sourceTree = "<group>";
		};
		8C0A41871D4AAA4100AE6F7E /* Huella EcológicaUITests */ = {
			isa = PBXGroup;
			children = (
				8C0A41881D4AAA4100AE6F7E /* Huella_Ecolo_gicaUITests.swift */,
				8C0A418A1D4AAA4100AE6F7E /* Info.plist */,
			);
			path = "Huella EcológicaUITests";
			sourceTree = "<group>";
		};
/* End PBXGroup section */

/* Begin PBXNativeTarget section */
		8C0A41641D4AAA4100AE6F7E /* Huella Ecológica */ = {
			isa = PBXNativeTarget;
			buildConfigurationList = 8C0A418D1D4AAA4100AE6F7E /* Build configuration list for PBXNativeTarget "Huella Ecológica" */;
			buildPhases = (
				8C0A41611D4AAA4100AE6F7E /* Sources */,
				8C0A41621D4AAA4100AE6F7E /* Frameworks */,
				8C0A41631D4AAA4100AE6F7E /* Resources */,
			);
			buildRules = (
			);
			dependencies = (
			);
			name = "Huella Ecológica";
			productName = "Huella Ecológica";
			productReference = 8C0A41651D4AAA4100AE6F7E /* Huella Ecológica.app */;
			productType = "com.apple.product-type.application";
		};
		8C0A41781D4AAA4100AE6F7E /* Huella EcológicaTests */ = {
			isa = PBXNativeTarget;
			buildConfigurationList = 8C0A41901D4AAA4100AE6F7E /* Build configuration list for PBXNativeTarget "Huella EcológicaTests" */;
			buildPhases = (
				8C0A41751D4AAA4100AE6F7E /* Sources */,
				8C0A41761D4AAA4100AE6F7E /* Frameworks */,
				8C0A41771D4AAA4100AE6F7E /* Resources */,
			);
			buildRules = (
			);
			dependencies = (
				8C0A417B1D4AAA4100AE6F7E /* PBXTargetDependency */,
			);
			name = "Huella EcológicaTests";
			productName = "Huella EcológicaTests";
			productReference = 8C0A41791D4AAA4100AE6F7E /* Huella EcológicaTests.xctest */;
			productType = "com.apple.product-type.bundle.unit-test";
		};
		8C0A41831D4AAA4100AE6F7E /* Huella EcológicaUITests */ = {
			isa = PBXNativeTarget;
			buildConfigurationList = 8C0A41931D4AAA4100AE6F7E /* Build configuration list for PBXNativeTarget "Huella EcológicaUITests" */;
			buildPhases = (
				8C0A41801D4AAA4100AE6F7E /* Sources */,
				8C0A41811D4AAA4100AE6F7E /* Frameworks */,
				8C0A41821D4AAA4100AE6F7E /* Resources */,
			);
			buildRules = (
			);
			dependencies = (
				8C0A41861D4AAA4100AE6F7E /* PBXTargetDependency */,
			);
			name = "Huella EcológicaUITests";
			productName = "Huella EcológicaUITests";
			productReference = 8C0A41841D4AAA4100AE6F7E /* Huella EcológicaUITests.xctest */;
			productType = "com.apple.product-type.bundle.ui-testing";
		};
/* End PBXNativeTarget section */

/* Begin PBXProject section */
		8C0A415D1D4AAA4000AE6F7E /* Project object */ = {
			isa = PBXProject;
			attributes = {
				LastSwiftUpdateCheck = 0730;
				LastUpgradeCheck = 0730;
				ORGANIZATIONNAME = "Ricardo Rodriguez Haro";
				TargetAttributes = {
					8C0A41641D4AAA4100AE6F7E = {
						CreatedOnToolsVersion = 7.3.1;
					};
					8C0A41781D4AAA4100AE6F7E = {
						CreatedOnToolsVersion = 7.3.1;
						TestTargetID = 8C0A41641D4AAA4100AE6F7E;
					};
					8C0A41831D4AAA4100AE6F7E = {
						CreatedOnToolsVersion = 7.3.1;
						TestTargetID = 8C0A41641D4AAA4100AE6F7E;
					};
				};
			};
			buildConfigurationList = 8C0A41601D4AAA4000AE6F7E /* Build configuration list for PBXProject "Huella Ecológica" */;
			compatibilityVersion = "Xcode 3.2";
			developmentRegion = English;
			hasScannedForEncodings = 0;
			knownRegions = (
				en,
				Base,
			);
			mainGroup = 8C0A415C1D4AAA4000AE6F7E;
			productRefGroup = 8C0A41661D4AAA4100AE6F7E /* Products */;
			projectDirPath = "";
			projectRoot = "";
			targets = (
				8C0A41641D4AAA4100AE6F7E /* Huella Ecológica */,
				8C0A41781D4AAA4100AE6F7E /* Huella EcológicaTests */,
				8C0A41831D4AAA4100AE6F7E /* Huella EcológicaUITests */,
			);
		};
/* End PBXProject section */

/* Begin PBXResourcesBuildPhase section */
		8C0A41631D4AAA4100AE6F7E /* Resources */ = {
			isa = PBXResourcesBuildPhase;
			buildActionMask = 2147483647;
			files = (
				8C0A41731D4AAA4100AE6F7E /* LaunchScreen.storyboard in Resources */,
				8C0A41701D4AAA4100AE6F7E /* Assets.xcassets in Resources */,
				8C0A416E1D4AAA4100AE6F7E /* Main.storyboard in Resources */,
			);
			runOnlyForDeploymentPostprocessing = 0;
		};
		8C0A41771D4AAA4100AE6F7E /* Resources */ = {
			isa = PBXResourcesBuildPhase;
			buildActionMask = 2147483647;
			files = (
			);
			runOnlyForDeploymentPostprocessing = 0;
		};
		8C0A41821D4AAA4100AE6F7E /* Resources */ = {
			isa = PBXResourcesBuildPhase;
			buildActionMask = 2147483647;
			files = (
			);
			runOnlyForDeploymentPostprocessing = 0;
		};
/* End PBXResourcesBuildPhase section */

/* Begin PBXSourcesBuildPhase section */
		8C0A41611D4AAA4100AE6F7E /* Sources */ = {
			isa = PBXSourcesBuildPhase;
			buildActionMask = 2147483647;
			files = (
				8C0A416B1D4AAA4100AE6F7E /* ViewController.swift in Sources */,
				8C0A41691D4AAA4100AE6F7E /* AppDelegate.swift in Sources */,
			);
			runOnlyForDeploymentPostprocessing = 0;
		};
		8C0A41751D4AAA4100AE6F7E /* Sources */ = {
			isa = PBXSourcesBuildPhase;
			buildActionMask = 2147483647;
			files = (
				8C0A417E1D4AAA4100AE6F7E /* Huella_Ecolo_gicaTests.swift in Sources */,
			);
			runOnlyForDeploymentPostprocessing = 0;
		};
		8C0A41801D4AAA4100AE6F7E /* Sources */ = {
			isa = PBXSourcesBuildPhase;
			buildActionMask = 2147483647;
			files = (
				8C0A41891D4AAA4100AE6F7E /* Huella_Ecolo_gicaUITests.swift in Sources */,
			);
			runOnlyForDeploymentPostprocessing = 0;
		};
/* End PBXSourcesBuildPhase section */

/* Begin PBXTargetDependency section */
		8C0A417B1D4AAA4100AE6F7E /* PBXTargetDependency */ = {
			isa = PBXTargetDependency;
			target = 8C0A41641D4AAA4100AE6F7E /* Huella Ecológica */;
			targetProxy = 8C0A417A1D4AAA4100AE6F7E /* PBXContainerItemProxy */;
		};
		8C0A41861D4AAA4100AE6F7E /* PBXTargetDependency */ = {
			isa = PBXTargetDependency;
			target = 8C0A41641D4AAA4100AE6F7E /* Huella Ecológica */;
			targetProxy = 8C0A41851D4AAA4100AE6F7E /* PBXContainerItemProxy */;
		};
/* End PBXTargetDependency section */

/* Begin PBXVariantGroup section */
		8C0A416C1D4AAA4100AE6F7E /* Main.storyboard */ = {
			isa = PBXVariantGroup;
			children = (
				8C0A416D1D4AAA4100AE6F7E /* Base */,
			);
			name = Main.storyboard;
			sourceTree = "<group>";
		};
		8C0A41711D4AAA4100AE6F7E /* LaunchScreen.storyboard */ = {
			isa = PBXVariantGroup;
			children = (
				8C0A41721D4AAA4100AE6F7E /* Base */,
			);
			name = LaunchScreen.storyboard;
			sourceTree = "<group>";
		};
/* End PBXVariantGroup section */

/* Begin XCBuildConfiguration section */
		8C0A418B1D4AAA4100AE6F7E /* Debug */ = {
			isa = XCBuildConfiguration;
			buildSettings = {
				ALWAYS_SEARCH_USER_PATHS = NO;
				CLANG_ANALYZER_NONNULL = YES;
				CLANG_CXX_LANGUAGE_STANDARD = "gnu++0x";
				CLANG_CXX_LIBRARY = "libc++";
				CLANG_ENABLE_MODULES = YES;
				CLANG_ENABLE_OBJC_ARC = YES;
				CLANG_WARN_BOOL_CONVERSION = YES;
				CLANG_WARN_CONSTANT_CONVERSION = YES;
				CLANG_WARN_DIRECT_OBJC_ISA_USAGE = YES_ERROR;
				CLANG_WARN_EMPTY_BODY = YES;
				CLANG_WARN_ENUM_CONVERSION = YES;
				CLANG_WARN_INT_CONVERSION = YES;
				CLANG_WARN_OBJC_ROOT_CLASS = YES_ERROR;
				CLANG_WARN_UNREACHABLE_CODE = YES;
				CLANG_WARN__DUPLICATE_METHOD_MATCH = YES;
				"CODE_SIGN_IDENTITY[sdk=iphoneos*]" = "iPhone Developer";
				COPY_PHASE_STRIP = NO;
				DEBUG_INFORMATION_FORMAT = dwarf;
				ENABLE_STRICT_OBJC_MSGSEND = YES;
				ENABLE_TESTABILITY = YES;
				GCC_C_LANGUAGE_STANDARD = gnu99;
				GCC_DYNAMIC_NO_PIC = NO;
				GCC_NO_COMMON_BLOCKS = YES;
				GCC_OPTIMIZATION_LEVEL = 0;
				GCC_PREPROCESSOR_DEFINITIONS = (
					"DEBUG=1",
					"$(inherited)",
				);
				GCC_WARN_64_TO_32_BIT_CONVERSION = YES;
				GCC_WARN_ABOUT_RETURN_TYPE = YES_ERROR;
				GCC_WARN_UNDECLARED_SELECTOR = YES;
				GCC_WARN_UNINITIALIZED_AUTOS = YES_AGGRESSIVE;
				GCC_WARN_UNUSED_FUNCTION = YES;
				GCC_WARN_UNUSED_VARIABLE = YES;
				IPHONEOS_DEPLOYMENT_TARGET = 9.3;
				MTL_ENABLE_DEBUG_INFO = YES;
				ONLY_ACTIVE_ARCH = YES;
				SDKROOT = iphoneos;
				SWIFT_OPTIMIZATION_LEVEL = "-Onone";
				TARGETED_DEVICE_FAMILY = "1,2";
			};
			name = Debug;
		};
		8C0A418C1D4AAA4100AE6F7E /* Release */ = {
			isa = XCBuildConfiguration;
			buildSettings = {
				ALWAYS_SEARCH_USER_PATHS = NO;
				CLANG_ANALYZER_NONNULL = YES;
				CLANG_CXX_LANGUAGE_STANDARD = "gnu++0x";
				CLANG_CXX_LIBRARY = "libc++";
				CLANG_ENABLE_MODULES = YES;
				CLANG_ENABLE_OBJC_ARC = YES;
				CLANG_WARN_BOOL_CONVERSION = YES;
				CLANG_WARN_CONSTANT_CONVERSION = YES;
				CLANG_WARN_DIRECT_OBJC_ISA_USAGE = YES_ERROR;
				CLANG_WARN_EMPTY_BODY = YES;
				CLANG_WARN_ENUM_CONVERSION = YES;
				CLANG_WARN_INT_CONVERSION = YES;
				CLANG_WARN_OBJC_ROOT_CLASS = YES_ERROR;
				CLANG_WARN_UNREACHABLE_CODE = YES;
				CLANG_WARN__DUPLICATE_METHOD_MATCH = YES;
				"CODE_SIGN_IDENTITY[sdk=iphoneos*]" = "iPhone Developer";
				COPY_PHASE_STRIP = NO;
				DEBUG_INFORMATION_FORMAT = "dwarf-with-dsym";
				ENABLE_NS_ASSERTIONS = NO;
				ENABLE_STRICT_OBJC_MSGSEND = YES;
				GCC_C_LANGUAGE_STANDARD = gnu99;
				GCC_NO_COMMON_BLOCKS = YES;
				GCC_WARN_64_TO_32_BIT_CONVERSION = YES;
				GCC_WARN_ABOUT_RETURN_TYPE = YES_ERROR;
				GCC_WARN_UNDECLARED_SELECTOR = YES;
				GCC_WARN_UNINITIALIZED_AUTOS = YES_AGGRESSIVE;
				GCC_WARN_UNUSED_FUNCTION = YES;
				GCC_WARN_UNUSED_VARIABLE = YES;
				IPHONEOS_DEPLOYMENT_TARGET = 9.3;
				MTL_ENABLE_DEBUG_INFO = NO;
				SDKROOT = iphoneos;
				TARGETED_DEVICE_FAMILY = "1,2";
				VALIDATE_PRODUCT = YES;
			};
			name = Release;
		};
		8C0A418E1D4AAA4100AE6F7E /* Debug */ = {
			isa = XCBuildConfiguration;
			buildSettings = {
				ASSETCATALOG_COMPILER_APPICON_NAME = AppIcon;
				INFOPLIST_FILE = "Huella Ecológica/Info.plist";
				LD_RUNPATH_SEARCH_PATHS = "$(inherited) @executable_path/Frameworks";
				PRODUCT_BUNDLE_IDENTIFIER = "udg.mx.cucei.Huella-Ecolo-gica";
				PRODUCT_NAME = "$(TARGET_NAME)";
			};
			name = Debug;
		};
		8C0A418F1D4AAA4100AE6F7E /* Release */ = {
			isa = XCBuildConfiguration;
			buildSettings = {
				ASSETCATALOG_COMPILER_APPICON_NAME = AppIcon;
				INFOPLIST_FILE = "Huella Ecológica/Info.plist";
				LD_RUNPATH_SEARCH_PATHS = "$(inherited) @executable_path/Frameworks";
				PRODUCT_BUNDLE_IDENTIFIER = "udg.mx.cucei.Huella-Ecolo-gica";
				PRODUCT_NAME = "$(TARGET_NAME)";
			};
			name = Release;
		};
		8C0A41911D4AAA4100AE6F7E /* Debug */ = {
			isa = XCBuildConfiguration;
			buildSettings = {
				BUNDLE_LOADER = "$(TEST_HOST)";
				INFOPLIST_FILE = "Huella EcológicaTests/Info.plist";
				LD_RUNPATH_SEARCH_PATHS = "$(inherited) @executable_path/Frameworks @loader_path/Frameworks";
				PRODUCT_BUNDLE_IDENTIFIER = "udg.mx.cucei.Huella-Ecolo-gicaTests";
				PRODUCT_NAME = "$(TARGET_NAME)";
				TEST_HOST = "$(BUILT_PRODUCTS_DIR)/Huella Ecológica.app/Huella Ecológica";
			};
			name = Debug;
		};
		8C0A41921D4AAA4100AE6F7E /* Release */ = {
			isa = XCBuildConfiguration;
			buildSettings = {
				BUNDLE_LOADER = "$(TEST_HOST)";
				INFOPLIST_FILE = "Huella EcológicaTests/Info.plist";
				LD_RUNPATH_SEARCH_PATHS = "$(inherited) @executable_path/Frameworks @loader_path/Frameworks";
				PRODUCT_BUNDLE_IDENTIFIER = "udg.mx.cucei.Huella-Ecolo-gicaTests";
				PRODUCT_NAME = "$(TARGET_NAME)";
				TEST_HOST = "$(BUILT_PRODUCTS_DIR)/Huella Ecológica.app/Huella Ecológica";
			};
			name = Release;
		};
		8C0A41941D4AAA4100AE6F7E /* Debug */ = {
			isa = XCBuildConfiguration;
			buildSettings = {
				INFOPLIST_FILE = "Huella EcológicaUITests/Info.plist";
				LD_RUNPATH_SEARCH_PATHS = "$(inherited) @executable_path/Frameworks @loader_path/Frameworks";
				PRODUCT_BUNDLE_IDENTIFIER = "udg.mx.cucei.Huella-Ecolo-gicaUITests";
				PRODUCT_NAME = "$(TARGET_NAME)";
				TEST_TARGET_NAME = "Huella Ecológica";
			};
			name = Debug;
		};
		8C0A41951D4AAA4100AE6F7E /* Release */ = {
			isa = XCBuildConfiguration;
			buildSettings = {
				INFOPLIST_FILE = "Huella EcológicaUITests/Info.plist";
				LD_RUNPATH_SEARCH_PATHS = "$(inherited) @executable_path/Frameworks @loader_path/Frameworks";
				PRODUCT_BUNDLE_IDENTIFIER = "udg.mx.cucei.Huella-Ecolo-gicaUITests";
				PRODUCT_NAME = "$(TARGET_NAME)";
				TEST_TARGET_NAME = "Huella Ecológica";
			};
			name = Release;
		};
/* End XCBuildConfiguration section */

/* Begin XCConfigurationList section */
		8C0A41601D4AAA4000AE6F7E /* Build configuration list for PBXProject "Huella Ecológica" */ = {
			isa = XCConfigurationList;
			buildConfigurations = (
				8C0A418B1D4AAA4100AE6F7E /* Debug */,
				8C0A418C1D4AAA4100AE6F7E /* Release */,
			);
			defaultConfigurationIsVisible = 0;
			defaultConfigurationName = Release;
		};
		8C0A418D1D4AAA4100AE6F7E /* Build configuration list for PBXNativeTarget "Huella Ecológica" */ = {
			isa = XCConfigurationList;
			buildConfigurations = (
				8C0A418E1D4AAA4100AE6F7E /* Debug */,
				8C0A418F1D4AAA4100AE6F7E /* Release */,
			);
			defaultConfigurationIsVisible = 0;
		};
		8C0A41901D4AAA4100AE6F7E /* Build configuration list for PBXNativeTarget "Huella EcológicaTests" */ = {
			isa = XCConfigurationList;
			buildConfigurations = (
				8C0A41911D4AAA4100AE6F7E /* Debug */,
				8C0A41921D4AAA4100AE6F7E /* Release */,
			);
			defaultConfigurationIsVisible = 0;
		};
		8C0A41931D4AAA4100AE6F7E /* Build configuration list for PBXNativeTarget "Huella EcológicaUITests" */ = {
			isa = XCConfigurationList;
			buildConfigurations = (
				8C0A41941D4AAA4100AE6F7E /* Debug */,
				8C0A41951D4AAA4100AE6F7E /* Release */,
			);
			defaultConfigurationIsVisible = 0;
		};
/* End XCConfigurationList section */
	};
	rootObject = 8C0A415D1D4AAA4000AE6F7E /* Project object */;
}
